// !$*UTF8*$!
{
	archiveVersion = 1;
	classes = {
	};
	objectVersion = 45;
	objects = {

/* Begin PBXBuildFile section */
		1D3623260D0F684500981E51 /* CoverShotAppDelegate.m in Sources */ = {isa = PBXBuildFile; fileRef = 1D3623250D0F684500981E51 /* CoverShotAppDelegate.m */; };
		1D60589B0D05DD56006BFB54 /* main.m in Sources */ = {isa = PBXBuildFile; fileRef = 29B97316FDCFA39411CA2CEA /* main.m */; };
		1D60589F0D05DD5A006BFB54 /* Foundation.framework in Frameworks */ = {isa = PBXBuildFile; fileRef = 1D30AB110D05D00D00671497 /* Foundation.framework */; };
		1DF5F4E00D08C38300B7A737 /* UIKit.framework in Frameworks */ = {isa = PBXBuildFile; fileRef = 1DF5F4DF0D08C38300B7A737 /* UIKit.framework */; };
		288765A50DF7441C002DB57D /* CoreGraphics.framework in Frameworks */ = {isa = PBXBuildFile; fileRef = 288765A40DF7441C002DB57D /* CoreGraphics.framework */; };
		2899E5220DE3E06400AC0155 /* CoverShotViewController.xib in Resources */ = {isa = PBXBuildFile; fileRef = 2899E5210DE3E06400AC0155 /* CoverShotViewController.xib */; };
		28AD733F0D9D9553002E5188 /* MainWindow.xib in Resources */ = {isa = PBXBuildFile; fileRef = 28AD733E0D9D9553002E5188 /* MainWindow.xib */; };
		28D7ACF80DDB3853001CB0EB /* CoverShotViewController.m in Sources */ = {isa = PBXBuildFile; fileRef = 28D7ACF70DDB3853001CB0EB /* CoverShotViewController.m */; };
		710058C312138B41002DD799 /* Icon-72.png in Resources */ = {isa = PBXBuildFile; fileRef = 710058BC12138B41002DD799 /* Icon-72.png */; };
		710058C412138B41002DD799 /* Icon-Small.png in Resources */ = {isa = PBXBuildFile; fileRef = 710058BD12138B41002DD799 /* Icon-Small.png */; };
		710058C512138B41002DD799 /* Icon-Small-50.png in Resources */ = {isa = PBXBuildFile; fileRef = 710058BE12138B41002DD799 /* Icon-Small-50.png */; };
		710058C612138B41002DD799 /* Icon-Small@2x.png in Resources */ = {isa = PBXBuildFile; fileRef = 710058BF12138B41002DD799 /* Icon-Small@2x.png */; };
		710058C712138B41002DD799 /* Icon.png in Resources */ = {isa = PBXBuildFile; fileRef = 710058C012138B41002DD799 /* Icon.png */; };
		710058C812138B41002DD799 /* Icon@2x.png in Resources */ = {isa = PBXBuildFile; fileRef = 710058C112138B41002DD799 /* Icon@2x.png */; };
		710058C912138B41002DD799 /* iTunesArtwork in Resources */ = {isa = PBXBuildFile; fileRef = 710058C212138B41002DD799 /* iTunesArtwork */; };
		7103E97211FA1D250088BD9E /* blending.png in Resources */ = {isa = PBXBuildFile; fileRef = 7103E97111FA1D250088BD9E /* blending.png */; };
		7103E9ED11FA35FD0088BD9E /* QuartzView.m in Sources */ = {isa = PBXBuildFile; fileRef = 7103E9EC11FA35FD0088BD9E /* QuartzView.m */; };
		711F849D1214F7D1000526FF /* clearcover1.png in Resources */ = {isa = PBXBuildFile; fileRef = 711F846D1214F7D0000526FF /* clearcover1.png */; };
		711F849E1214F7D1000526FF /* clearcover2.png in Resources */ = {isa = PBXBuildFile; fileRef = 711F846E1214F7D0000526FF /* clearcover2.png */; };
		711F849F1214F7D1000526FF /* clearcover3.png in Resources */ = {isa = PBXBuildFile; fileRef = 711F846F1214F7D0000526FF /* clearcover3.png */; };
		711F84A01214F7D1000526FF /* clearcover4.png in Resources */ = {isa = PBXBuildFile; fileRef = 711F84701214F7D0000526FF /* clearcover4.png */; };
		711F84A11214F7D1000526FF /* clearcover5.png in Resources */ = {isa = PBXBuildFile; fileRef = 711F84711214F7D0000526FF /* clearcover5.png */; };
		711F84A21214F7D1000526FF /* clearcover6.png in Resources */ = {isa = PBXBuildFile; fileRef = 711F84721214F7D0000526FF /* clearcover6.png */; };
		711F84A31214F7D1000526FF /* clearcover7.png in Resources */ = {isa = PBXBuildFile; fileRef = 711F84731214F7D0000526FF /* clearcover7.png */; };
		711F84B51214F7D1000526FF /* cover1.png in Resources */ = {isa = PBXBuildFile; fileRef = 711F84851214F7D0000526FF /* cover1.png */; };
		711F84B61214F7D1000526FF /* cover2.png in Resources */ = {isa = PBXBuildFile; fileRef = 711F84861214F7D0000526FF /* cover2.png */; };
		711F84B71214F7D1000526FF /* cover3.png in Resources */ = {isa = PBXBuildFile; fileRef = 711F84871214F7D0000526FF /* cover3.png */; };
		711F84B81214F7D1000526FF /* cover4.png in Resources */ = {isa = PBXBuildFile; fileRef = 711F84881214F7D0000526FF /* cover4.png */; };
		711F84B91214F7D1000526FF /* cover5.png in Resources */ = {isa = PBXBuildFile; fileRef = 711F84891214F7D0000526FF /* cover5.png */; };
		711F84BA1214F7D1000526FF /* cover6.png in Resources */ = {isa = PBXBuildFile; fileRef = 711F848A1214F7D0000526FF /* cover6.png */; };
		711F84BB1214F7D1000526FF /* cover7.png in Resources */ = {isa = PBXBuildFile; fileRef = 711F848B1214F7D0000526FF /* cover7.png */; };
		7148D6C11212FECD00B13094 /* appstoresm.gif in Resources */ = {isa = PBXBuildFile; fileRef = 7148D6C01212FECD00B13094 /* appstoresm.gif */; };
		7148D6D91213002000B13094 /* MessageUI.framework in Frameworks */ = {isa = PBXBuildFile; fileRef = 7148D6D81213002000B13094 /* MessageUI.framework */; };
		716D136C1207C55600430260 /* QuartzBlending.m in Sources */ = {isa = PBXBuildFile; fileRef = 716D136B1207C55600430260 /* QuartzBlending.m */; };
		7175E3C31322BF7200EFCD1E /* cover8.png in Resources */ = {isa = PBXBuildFile; fileRef = 7175E3C11322BF7200EFCD1E /* cover8.png */; };
		7175E3C81322BF8600EFCD1E /* clearcover8.png in Resources */ = {isa = PBXBuildFile; fileRef = 7175E3C51322BF8600EFCD1E /* clearcover8.png */; };
		71887A9311F7E6D700F4C6D6 /* maghome.png in Resources */ = {isa = PBXBuildFile; fileRef = 71887A9211F7E6D700F4C6D6 /* maghome.png */; };
		71887AD711F7ECA700F4C6D6 /* iAd.framework in Frameworks */ = {isa = PBXBuildFile; fileRef = 71887AD611F7ECA700F4C6D6 /* iAd.framework */; };
		71887B1611F7F15F00F4C6D6 /* CoverShotEditorViewController.m in Sources */ = {isa = PBXBuildFile; fileRef = 71887B1411F7F15F00F4C6D6 /* CoverShotEditorViewController.m */; };
		71887B1711F7F15F00F4C6D6 /* CoverShotEditorViewController.xib in Resources */ = {isa = PBXBuildFile; fileRef = 71887B1511F7F15F00F4C6D6 /* CoverShotEditorViewController.xib */; };
		71887B2611F7F42E00F4C6D6 /* book.png in Resources */ = {isa = PBXBuildFile; fileRef = 71887B2311F7F42E00F4C6D6 /* book.png */; };
		71887B2711F7F42E00F4C6D6 /* camera.png in Resources */ = {isa = PBXBuildFile; fileRef = 71887B2411F7F42E00F4C6D6 /* camera.png */; };
		71887B2811F7F42E00F4C6D6 /* save.png in Resources */ = {isa = PBXBuildFile; fileRef = 71887B2511F7F42E00F4C6D6 /* save.png */; };
		71887C4111F80CB400F4C6D6 /* clearbg.png in Resources */ = {isa = PBXBuildFile; fileRef = 71887C4011F80CB400F4C6D6 /* clearbg.png */; };
		71887CE211F812FA00F4C6D6 /* AVFoundation.framework in Frameworks */ = {isa = PBXBuildFile; fileRef = 71887CE111F812FA00F4C6D6 /* AVFoundation.framework */; };
		71A25BE012247A3D00F01762 /* book@2x.png in Resources */ = {isa = PBXBuildFile; fileRef = 71A25BDC12247A3D00F01762 /* book@2x.png */; };
		71A25BE112247A3D00F01762 /* blending@2x.png in Resources */ = {isa = PBXBuildFile; fileRef = 71A25BDD12247A3D00F01762 /* blending@2x.png */; };
		71A25BE212247A3D00F01762 /* camera@2x.png in Resources */ = {isa = PBXBuildFile; fileRef = 71A25BDE12247A3D00F01762 /* camera@2x.png */; };
		71A25BE312247A3D00F01762 /* save@2x.png in Resources */ = {isa = PBXBuildFile; fileRef = 71A25BDF12247A3D00F01762 /* save@2x.png */; };
		71A665C01214A99700038AD8 /* fullversion.png in Resources */ = {isa = PBXBuildFile; fileRef = 71A665BF1214A99700038AD8 /* fullversion.png */; };
		71AB1F831211F1740063B455 /* Default.png in Resources */ = {isa = PBXBuildFile; fileRef = 71AB1F821211F1740063B455 /* Default.png */; };
		71BD191812054A4F00BF15ED /* QuartzCore.framework in Frameworks */ = {isa = PBXBuildFile; fileRef = 71BD191712054A4F00BF15ED /* QuartzCore.framework */; };
		71DCB54D120B914600C6B951 /* FlipsideViewController.m in Sources */ = {isa = PBXBuildFile; fileRef = 71DCB54B120B914600C6B951 /* FlipsideViewController.m */; };
		71DCB5E3120B969C00C6B951 /* FlipsideView.xib in Resources */ = {isa = PBXBuildFile; fileRef = 71DCB5E2120B969C00C6B951 /* FlipsideView.xib */; };
		71FCD1B6120B996700139C51 /* help_bg.png in Resources */ = {isa = PBXBuildFile; fileRef = 71FCD1B5120B996700139C51 /* help_bg.png */; };
		9C47ED9014A3C8ED00BCF39E /* promotional.png in Resources */ = {isa = PBXBuildFile; fileRef = 9C47ED8F14A3C8ED00BCF39E /* promotional.png */; };
		9C47ED9214A3C8FF00BCF39E /* closefullversion.png in Resources */ = {isa = PBXBuildFile; fileRef = 9C47ED9114A3C8FF00BCF39E /* closefullversion.png */; };
		9C47ED9914A3D6C700BCF39E /* clearcover9.png in Resources */ = {isa = PBXBuildFile; fileRef = 9C47ED9714A3D6C700BCF39E /* clearcover9.png */; };
		9C47ED9A14A3D6C700BCF39E /* clearcover10.png in Resources */ = {isa = PBXBuildFile; fileRef = 9C47ED9814A3D6C700BCF39E /* clearcover10.png */; };
		9C47ED9D14A3D6D200BCF39E /* cover9.png in Resources */ = {isa = PBXBuildFile; fileRef = 9C47ED9B14A3D6D200BCF39E /* cover9.png */; };
		9C47ED9E14A3D6D200BCF39E /* cover10.png in Resources */ = {isa = PBXBuildFile; fileRef = 9C47ED9C14A3D6D200BCF39E /* cover10.png */; };
/* End PBXBuildFile section */

/* Begin PBXFileReference section */
		1D30AB110D05D00D00671497 /* Foundation.framework */ = {isa = PBXFileReference; lastKnownFileType = wrapper.framework; name = Foundation.framework; path = System/Library/Frameworks/Foundation.framework; sourceTree = SDKROOT; };
		1D3623240D0F684500981E51 /* CoverShotAppDelegate.h */ = {isa = PBXFileReference; fileEncoding = 4; lastKnownFileType = sourcecode.c.h; path = CoverShotAppDelegate.h; sourceTree = "<group>"; };
		1D3623250D0F684500981E51 /* CoverShotAppDelegate.m */ = {isa = PBXFileReference; fileEncoding = 4; lastKnownFileType = sourcecode.c.objc; path = CoverShotAppDelegate.m; sourceTree = "<group>"; };
		1D6058910D05DD3D006BFB54 /* covershotlite.app */ = {isa = PBXFileReference; explicitFileType = wrapper.application; includeInIndex = 0; path = covershotlite.app; sourceTree = BUILT_PRODUCTS_DIR; };
		1DF5F4DF0D08C38300B7A737 /* UIKit.framework */ = {isa = PBXFileReference; lastKnownFileType = wrapper.framework; name = UIKit.framework; path = System/Library/Frameworks/UIKit.framework; sourceTree = SDKROOT; };
		288765A40DF7441C002DB57D /* CoreGraphics.framework */ = {isa = PBXFileReference; lastKnownFileType = wrapper.framework; name = CoreGraphics.framework; path = System/Library/Frameworks/CoreGraphics.framework; sourceTree = SDKROOT; };
		2899E5210DE3E06400AC0155 /* CoverShotViewController.xib */ = {isa = PBXFileReference; lastKnownFileType = file.xib; path = CoverShotViewController.xib; sourceTree = "<group>"; };
		28AD733E0D9D9553002E5188 /* MainWindow.xib */ = {isa = PBXFileReference; lastKnownFileType = file.xib; path = MainWindow.xib; sourceTree = "<group>"; };
		28D7ACF60DDB3853001CB0EB /* CoverShotViewController.h */ = {isa = PBXFileReference; fileEncoding = 4; lastKnownFileType = sourcecode.c.h; path = CoverShotViewController.h; sourceTree = "<group>"; };
		28D7ACF70DDB3853001CB0EB /* CoverShotViewController.m */ = {isa = PBXFileReference; fileEncoding = 4; lastKnownFileType = sourcecode.c.objc; path = CoverShotViewController.m; sourceTree = "<group>"; };
		29B97316FDCFA39411CA2CEA /* main.m */ = {isa = PBXFileReference; fileEncoding = 4; lastKnownFileType = sourcecode.c.objc; path = main.m; sourceTree = "<group>"; };
		32CA4F630368D1EE00C91783 /* CoverShot_Prefix.pch */ = {isa = PBXFileReference; fileEncoding = 4; lastKnownFileType = sourcecode.c.h; path = CoverShot_Prefix.pch; sourceTree = "<group>"; };
		710058BC12138B41002DD799 /* Icon-72.png */ = {isa = PBXFileReference; lastKnownFileType = image.png; path = "Icon-72.png"; sourceTree = "<group>"; };
		710058BD12138B41002DD799 /* Icon-Small.png */ = {isa = PBXFileReference; lastKnownFileType = image.png; path = "Icon-Small.png"; sourceTree = "<group>"; };
		710058BE12138B41002DD799 /* Icon-Small-50.png */ = {isa = PBXFileReference; lastKnownFileType = image.png; path = "Icon-Small-50.png"; sourceTree = "<group>"; };
		710058BF12138B41002DD799 /* Icon-Small@2x.png */ = {isa = PBXFileReference; lastKnownFileType = image.png; path = "Icon-Small@2x.png"; sourceTree = "<group>"; };
		710058C012138B41002DD799 /* Icon.png */ = {isa = PBXFileReference; lastKnownFileType = image.png; path = Icon.png; sourceTree = "<group>"; };
		710058C112138B41002DD799 /* Icon@2x.png */ = {isa = PBXFileReference; lastKnownFileType = image.png; path = "Icon@2x.png"; sourceTree = "<group>"; };
		710058C212138B41002DD799 /* iTunesArtwork */ = {isa = PBXFileReference; lastKnownFileType = file; path = iTunesArtwork; sourceTree = "<group>"; };
		7103E97111FA1D250088BD9E /* blending.png */ = {isa = PBXFileReference; lastKnownFileType = image.png; path = blending.png; sourceTree = "<group>"; };
		7103E9EB11FA35FD0088BD9E /* QuartzView.h */ = {isa = PBXFileReference; fileEncoding = 4; lastKnownFileType = sourcecode.c.h; path = QuartzView.h; sourceTree = "<group>"; };
		7103E9EC11FA35FD0088BD9E /* QuartzView.m */ = {isa = PBXFileReference; fileEncoding = 4; lastKnownFileType = sourcecode.c.objc; path = QuartzView.m; sourceTree = "<group>"; };
		711F846D1214F7D0000526FF /* clearcover1.png */ = {isa = PBXFileReference; lastKnownFileType = image.png; path = clearcover1.png; sourceTree = "<group>"; };
		711F846E1214F7D0000526FF /* clearcover2.png */ = {isa = PBXFileReference; lastKnownFileType = image.png; path = clearcover2.png; sourceTree = "<group>"; };
		711F846F1214F7D0000526FF /* clearcover3.png */ = {isa = PBXFileReference; lastKnownFileType = image.png; path = clearcover3.png; sourceTree = "<group>"; };
		711F84701214F7D0000526FF /* clearcover4.png */ = {isa = PBXFileReference; lastKnownFileType = image.png; path = clearcover4.png; sourceTree = "<group>"; };
		711F84711214F7D0000526FF /* clearcover5.png */ = {isa = PBXFileReference; lastKnownFileType = image.png; path = clearcover5.png; sourceTree = "<group>"; };
		711F84721214F7D0000526FF /* clearcover6.png */ = {isa = PBXFileReference; lastKnownFileType = image.png; path = clearcover6.png; sourceTree = "<group>"; };
		711F84731214F7D0000526FF /* clearcover7.png */ = {isa = PBXFileReference; lastKnownFileType = image.png; path = clearcover7.png; sourceTree = "<group>"; };
		711F84851214F7D0000526FF /* cover1.png */ = {isa = PBXFileReference; lastKnownFileType = image.png; path = cover1.png; sourceTree = "<group>"; };
		711F84861214F7D0000526FF /* cover2.png */ = {isa = PBXFileReference; lastKnownFileType = image.png; path = cover2.png; sourceTree = "<group>"; };
		711F84871214F7D0000526FF /* cover3.png */ = {isa = PBXFileReference; lastKnownFileType = image.png; path = cover3.png; sourceTree = "<group>"; };
		711F84881214F7D0000526FF /* cover4.png */ = {isa = PBXFileReference; lastKnownFileType = image.png; path = cover4.png; sourceTree = "<group>"; };
		711F84891214F7D0000526FF /* cover5.png */ = {isa = PBXFileReference; lastKnownFileType = image.png; path = cover5.png; sourceTree = "<group>"; };
		711F848A1214F7D0000526FF /* cover6.png */ = {isa = PBXFileReference; lastKnownFileType = image.png; path = cover6.png; sourceTree = "<group>"; };
		711F848B1214F7D0000526FF /* cover7.png */ = {isa = PBXFileReference; lastKnownFileType = image.png; path = cover7.png; sourceTree = "<group>"; };
		7148D6C01212FECD00B13094 /* appstoresm.gif */ = {isa = PBXFileReference; lastKnownFileType = image.gif; path = appstoresm.gif; sourceTree = "<group>"; };
		7148D6D81213002000B13094 /* MessageUI.framework */ = {isa = PBXFileReference; lastKnownFileType = wrapper.framework; name = MessageUI.framework; path = System/Library/Frameworks/MessageUI.framework; sourceTree = SDKROOT; };
		716D136A1207C55600430260 /* QuartzBlending.h */ = {isa = PBXFileReference; fileEncoding = 4; lastKnownFileType = sourcecode.c.h; path = QuartzBlending.h; sourceTree = "<group>"; };
		716D136B1207C55600430260 /* QuartzBlending.m */ = {isa = PBXFileReference; fileEncoding = 4; lastKnownFileType = sourcecode.c.objc; path = QuartzBlending.m; sourceTree = "<group>"; };
		7175E3C11322BF7200EFCD1E /* cover8.png */ = {isa = PBXFileReference; lastKnownFileType = image.png; path = cover8.png; sourceTree = "<group>"; };
		7175E3C51322BF8600EFCD1E /* clearcover8.png */ = {isa = PBXFileReference; lastKnownFileType = image.png; path = clearcover8.png; sourceTree = "<group>"; };
		71887A9211F7E6D700F4C6D6 /* maghome.png */ = {isa = PBXFileReference; lastKnownFileType = image.png; path = maghome.png; sourceTree = "<group>"; };
		71887AD611F7ECA700F4C6D6 /* iAd.framework */ = {isa = PBXFileReference; lastKnownFileType = wrapper.framework; name = iAd.framework; path = System/Library/Frameworks/iAd.framework; sourceTree = SDKROOT; };
		71887B1311F7F15F00F4C6D6 /* CoverShotEditorViewController.h */ = {isa = PBXFileReference; fileEncoding = 4; lastKnownFileType = sourcecode.c.h; path = CoverShotEditorViewController.h; sourceTree = "<group>"; };
		71887B1411F7F15F00F4C6D6 /* CoverShotEditorViewController.m */ = {isa = PBXFileReference; fileEncoding = 4; lastKnownFileType = sourcecode.c.objc; path = CoverShotEditorViewController.m; sourceTree = "<group>"; };
		71887B1511F7F15F00F4C6D6 /* CoverShotEditorViewController.xib */ = {isa = PBXFileReference; lastKnownFileType = file.xib; name = CoverShotEditorViewController.xib; path = Classes/CoverShotEditorViewController.xib; sourceTree = "<group>"; };
		71887B2311F7F42E00F4C6D6 /* book.png */ = {isa = PBXFileReference; lastKnownFileType = image.png; path = book.png; sourceTree = "<group>"; };
		71887B2411F7F42E00F4C6D6 /* camera.png */ = {isa = PBXFileReference; lastKnownFileType = image.png; path = camera.png; sourceTree = "<group>"; };
		71887B2511F7F42E00F4C6D6 /* save.png */ = {isa = PBXFileReference; lastKnownFileType = image.png; path = save.png; sourceTree = "<group>"; };
		71887C4011F80CB400F4C6D6 /* clearbg.png */ = {isa = PBXFileReference; lastKnownFileType = image.png; path = clearbg.png; sourceTree = "<group>"; };
		71887CE111F812FA00F4C6D6 /* AVFoundation.framework */ = {isa = PBXFileReference; lastKnownFileType = wrapper.framework; name = AVFoundation.framework; path = System/Library/Frameworks/AVFoundation.framework; sourceTree = SDKROOT; };
		71A25BDC12247A3D00F01762 /* book@2x.png */ = {isa = PBXFileReference; lastKnownFileType = image.png; path = "book@2x.png"; sourceTree = "<group>"; };
		71A25BDD12247A3D00F01762 /* blending@2x.png */ = {isa = PBXFileReference; lastKnownFileType = image.png; path = "blending@2x.png"; sourceTree = "<group>"; };
		71A25BDE12247A3D00F01762 /* camera@2x.png */ = {isa = PBXFileReference; lastKnownFileType = image.png; path = "camera@2x.png"; sourceTree = "<group>"; };
		71A25BDF12247A3D00F01762 /* save@2x.png */ = {isa = PBXFileReference; lastKnownFileType = image.png; path = "save@2x.png"; sourceTree = "<group>"; };
		71A665BF1214A99700038AD8 /* fullversion.png */ = {isa = PBXFileReference; lastKnownFileType = image.png; path = fullversion.png; sourceTree = "<group>"; };
		71AB1F821211F1740063B455 /* Default.png */ = {isa = PBXFileReference; lastKnownFileType = image.png; path = Default.png; sourceTree = "<group>"; };
		71BD191712054A4F00BF15ED /* QuartzCore.framework */ = {isa = PBXFileReference; lastKnownFileType = wrapper.framework; name = QuartzCore.framework; path = System/Library/Frameworks/QuartzCore.framework; sourceTree = SDKROOT; };
		71DCB54A120B914600C6B951 /* FlipsideViewController.h */ = {isa = PBXFileReference; fileEncoding = 4; lastKnownFileType = sourcecode.c.h; path = FlipsideViewController.h; sourceTree = "<group>"; };
		71DCB54B120B914600C6B951 /* FlipsideViewController.m */ = {isa = PBXFileReference; fileEncoding = 4; lastKnownFileType = sourcecode.c.objc; path = FlipsideViewController.m; sourceTree = "<group>"; };
		71DCB5E2120B969C00C6B951 /* FlipsideView.xib */ = {isa = PBXFileReference; lastKnownFileType = file.xib; path = FlipsideView.xib; sourceTree = "<group>"; };
		71FCD1B5120B996700139C51 /* help_bg.png */ = {isa = PBXFileReference; lastKnownFileType = image.png; path = help_bg.png; sourceTree = "<group>"; };
		8D1107310486CEB800E47090 /* CoverShot-Info.plist */ = {isa = PBXFileReference; fileEncoding = 4; lastKnownFileType = text.plist.xml; path = "CoverShot-Info.plist"; plistStructureDefinitionIdentifier = "com.apple.xcode.plist.structure-definition.iphone.info-plist"; sourceTree = "<group>"; };
		9C47ED8F14A3C8ED00BCF39E /* promotional.png */ = {isa = PBXFileReference; lastKnownFileType = image.png; path = promotional.png; sourceTree = "<group>"; };
		9C47ED9114A3C8FF00BCF39E /* closefullversion.png */ = {isa = PBXFileReference; lastKnownFileType = image.png; path = closefullversion.png; sourceTree = "<group>"; };
		9C47ED9714A3D6C700BCF39E /* clearcover9.png */ = {isa = PBXFileReference; lastKnownFileType = image.png; path = clearcover9.png; sourceTree = "<group>"; };
		9C47ED9814A3D6C700BCF39E /* clearcover10.png */ = {isa = PBXFileReference; lastKnownFileType = image.png; path = clearcover10.png; sourceTree = "<group>"; };
		9C47ED9B14A3D6D200BCF39E /* cover9.png */ = {isa = PBXFileReference; lastKnownFileType = image.png; path = cover9.png; sourceTree = "<group>"; };
		9C47ED9C14A3D6D200BCF39E /* cover10.png */ = {isa = PBXFileReference; lastKnownFileType = image.png; path = cover10.png; sourceTree = "<group>"; };
/* End PBXFileReference section */

/* Begin PBXFrameworksBuildPhase section */
		1D60588F0D05DD3D006BFB54 /* Frameworks */ = {
			isa = PBXFrameworksBuildPhase;
			buildActionMask = 2147483647;
			files = (
				1D60589F0D05DD5A006BFB54 /* Foundation.framework in Frameworks */,
				1DF5F4E00D08C38300B7A737 /* UIKit.framework in Frameworks */,
				288765A50DF7441C002DB57D /* CoreGraphics.framework in Frameworks */,
				71887AD711F7ECA700F4C6D6 /* iAd.framework in Frameworks */,
				71887CE211F812FA00F4C6D6 /* AVFoundation.framework in Frameworks */,
				71BD191812054A4F00BF15ED /* QuartzCore.framework in Frameworks */,
				7148D6D91213002000B13094 /* MessageUI.framework in Frameworks */,
			);
			runOnlyForDeploymentPostprocessing = 0;
		};
/* End PBXFrameworksBuildPhase section */

/* Begin PBXGroup section */
		080E96DDFE201D6D7F000001 /* Classes */ = {
			isa = PBXGroup;
			children = (
				1D3623240D0F684500981E51 /* CoverShotAppDelegate.h */,
				1D3623250D0F684500981E51 /* CoverShotAppDelegate.m */,
				28D7ACF60DDB3853001CB0EB /* CoverShotViewController.h */,
				28D7ACF70DDB3853001CB0EB /* CoverShotViewController.m */,
				71887B1311F7F15F00F4C6D6 /* CoverShotEditorViewController.h */,
				71887B1411F7F15F00F4C6D6 /* CoverShotEditorViewController.m */,
				71DCB54A120B914600C6B951 /* FlipsideViewController.h */,
				71DCB54B120B914600C6B951 /* FlipsideViewController.m */,
			);
			path = Classes;
			sourceTree = "<group>";
		};
		19C28FACFE9D520D11CA2CBB /* Products */ = {
			isa = PBXGroup;
			children = (
				1D6058910D05DD3D006BFB54 /* covershotlite.app */,
			);
			name = Products;
			sourceTree = "<group>";
		};
		29B97314FDCFA39411CA2CEA /* CustomTemplate */ = {
			isa = PBXGroup;
			children = (
				7103E99D11FA1FBC0088BD9E /* Quartz */,
				080E96DDFE201D6D7F000001 /* Classes */,
				29B97315FDCFA39411CA2CEA /* Other Sources */,
				29B97317FDCFA39411CA2CEA /* Resources */,
				29B97323FDCFA39411CA2CEA /* Frameworks */,
				19C28FACFE9D520D11CA2CBB /* Products */,
			);
			name = CustomTemplate;
			sourceTree = "<group>";
		};
		29B97315FDCFA39411CA2CEA /* Other Sources */ = {
			isa = PBXGroup;
			children = (
				32CA4F630368D1EE00C91783 /* CoverShot_Prefix.pch */,
				29B97316FDCFA39411CA2CEA /* main.m */,
			);
			name = "Other Sources";
			sourceTree = "<group>";
		};
		29B97317FDCFA39411CA2CEA /* Resources */ = {
			isa = PBXGroup;
			children = (
				9C47ED9114A3C8FF00BCF39E /* closefullversion.png */,
				9C47ED8F14A3C8ED00BCF39E /* promotional.png */,
				71A25BDC12247A3D00F01762 /* book@2x.png */,
				71A25BDD12247A3D00F01762 /* blending@2x.png */,
				71A25BDE12247A3D00F01762 /* camera@2x.png */,
				71A25BDF12247A3D00F01762 /* save@2x.png */,
				71DCB5E2120B969C00C6B951 /* FlipsideView.xib */,
				71887B1511F7F15F00F4C6D6 /* CoverShotEditorViewController.xib */,
				2899E5210DE3E06400AC0155 /* CoverShotViewController.xib */,
				7103E97111FA1D250088BD9E /* blending.png */,
				71887A9211F7E6D700F4C6D6 /* maghome.png */,
				71FCD1B5120B996700139C51 /* help_bg.png */,
				71887B2311F7F42E00F4C6D6 /* book.png */,
				7148D6C01212FECD00B13094 /* appstoresm.gif */,
				71A665BF1214A99700038AD8 /* fullversion.png */,
				71887B2411F7F42E00F4C6D6 /* camera.png */,
				71887C4011F80CB400F4C6D6 /* clearbg.png */,
				710058BC12138B41002DD799 /* Icon-72.png */,
				710058BD12138B41002DD799 /* Icon-Small.png */,
				710058BE12138B41002DD799 /* Icon-Small-50.png */,
				710058BF12138B41002DD799 /* Icon-Small@2x.png */,
				710058C012138B41002DD799 /* Icon.png */,
				710058C112138B41002DD799 /* Icon@2x.png */,
				711F846D1214F7D0000526FF /* clearcover1.png */,
				711F846E1214F7D0000526FF /* clearcover2.png */,
				711F846F1214F7D0000526FF /* clearcover3.png */,
				711F84701214F7D0000526FF /* clearcover4.png */,
				711F84711214F7D0000526FF /* clearcover5.png */,
				711F84721214F7D0000526FF /* clearcover6.png */,
				711F84731214F7D0000526FF /* clearcover7.png */,
				7175E3C51322BF8600EFCD1E /* clearcover8.png */,
				9C47ED9714A3D6C700BCF39E /* clearcover9.png */,
				9C47ED9814A3D6C700BCF39E /* clearcover10.png */,
				711F84851214F7D0000526FF /* cover1.png */,
				711F84861214F7D0000526FF /* cover2.png */,
				711F84871214F7D0000526FF /* cover3.png */,
				711F84881214F7D0000526FF /* cover4.png */,
				711F84891214F7D0000526FF /* cover5.png */,
				711F848A1214F7D0000526FF /* cover6.png */,
				711F848B1214F7D0000526FF /* cover7.png */,
				7175E3C11322BF7200EFCD1E /* cover8.png */,
				9C47ED9B14A3D6D200BCF39E /* cover9.png */,
				9C47ED9C14A3D6D200BCF39E /* cover10.png */,
				710058C212138B41002DD799 /* iTunesArtwork */,
				71887B2511F7F42E00F4C6D6 /* save.png */,
				28AD733E0D9D9553002E5188 /* MainWindow.xib */,
				8D1107310486CEB800E47090 /* CoverShot-Info.plist */,
				71AB1F821211F1740063B455 /* Default.png */,
			);
			name = Resources;
			sourceTree = "<group>";
		};
		29B97323FDCFA39411CA2CEA /* Frameworks */ = {
			isa = PBXGroup;
			children = (
				1DF5F4DF0D08C38300B7A737 /* UIKit.framework */,
				1D30AB110D05D00D00671497 /* Foundation.framework */,
				288765A40DF7441C002DB57D /* CoreGraphics.framework */,
				71887AD611F7ECA700F4C6D6 /* iAd.framework */,
				71887CE111F812FA00F4C6D6 /* AVFoundation.framework */,
				71BD191712054A4F00BF15ED /* QuartzCore.framework */,
				7148D6D81213002000B13094 /* MessageUI.framework */,
			);
			name = Frameworks;
			sourceTree = "<group>";
		};
		7103E99D11FA1FBC0088BD9E /* Quartz */ = {
			isa = PBXGroup;
			children = (
				7103E9EB11FA35FD0088BD9E /* QuartzView.h */,
				7103E9EC11FA35FD0088BD9E /* QuartzView.m */,
				716D136A1207C55600430260 /* QuartzBlending.h */,
				716D136B1207C55600430260 /* QuartzBlending.m */,
			);
			name = Quartz;
			sourceTree = "<group>";
		};
/* End PBXGroup section */

/* Begin PBXNativeTarget section */
		1D6058900D05DD3D006BFB54 /* CoverShot */ = {
			isa = PBXNativeTarget;
			buildConfigurationList = 1D6058960D05DD3E006BFB54 /* Build configuration list for PBXNativeTarget "CoverShot" */;
			buildPhases = (
				1D60588D0D05DD3D006BFB54 /* Resources */,
				1D60588E0D05DD3D006BFB54 /* Sources */,
				1D60588F0D05DD3D006BFB54 /* Frameworks */,
			);
			buildRules = (
			);
			dependencies = (
			);
			name = CoverShot;
			productName = CoverShot;
			productReference = 1D6058910D05DD3D006BFB54 /* covershotlite.app */;
			productType = "com.apple.product-type.application";
		};
/* End PBXNativeTarget section */

/* Begin PBXProject section */
		29B97313FDCFA39411CA2CEA /* Project object */ = {
			isa = PBXProject;
			buildConfigurationList = C01FCF4E08A954540054247B /* Build configuration list for PBXProject "CoverShot" */;
			compatibilityVersion = "Xcode 3.1";
			developmentRegion = English;
			hasScannedForEncodings = 1;
			knownRegions = (
				English,
				Japanese,
				French,
				German,
			);
			mainGroup = 29B97314FDCFA39411CA2CEA /* CustomTemplate */;
			projectDirPath = "";
			projectRoot = "";
			targets = (
				1D6058900D05DD3D006BFB54 /* CoverShot */,
			);
		};
/* End PBXProject section */

/* Begin PBXResourcesBuildPhase section */
		1D60588D0D05DD3D006BFB54 /* Resources */ = {
			isa = PBXResourcesBuildPhase;
			buildActionMask = 2147483647;
			files = (
				28AD733F0D9D9553002E5188 /* MainWindow.xib in Resources */,
				2899E5220DE3E06400AC0155 /* CoverShotViewController.xib in Resources */,
				71887A9311F7E6D700F4C6D6 /* maghome.png in Resources */,
				71887B1711F7F15F00F4C6D6 /* CoverShotEditorViewController.xib in Resources */,
				71887B2611F7F42E00F4C6D6 /* book.png in Resources */,
				71887B2711F7F42E00F4C6D6 /* camera.png in Resources */,
				71887B2811F7F42E00F4C6D6 /* save.png in Resources */,
				71887C4111F80CB400F4C6D6 /* clearbg.png in Resources */,
				7103E97211FA1D250088BD9E /* blending.png in Resources */,
				71DCB5E3120B969C00C6B951 /* FlipsideView.xib in Resources */,
				71FCD1B6120B996700139C51 /* help_bg.png in Resources */,
				71AB1F831211F1740063B455 /* Default.png in Resources */,
				7148D6C11212FECD00B13094 /* appstoresm.gif in Resources */,
				710058C312138B41002DD799 /* Icon-72.png in Resources */,
				710058C412138B41002DD799 /* Icon-Small.png in Resources */,
				710058C512138B41002DD799 /* Icon-Small-50.png in Resources */,
				710058C612138B41002DD799 /* Icon-Small@2x.png in Resources */,
				710058C712138B41002DD799 /* Icon.png in Resources */,
				710058C812138B41002DD799 /* Icon@2x.png in Resources */,
				710058C912138B41002DD799 /* iTunesArtwork in Resources */,
				71A665C01214A99700038AD8 /* fullversion.png in Resources */,
				711F849D1214F7D1000526FF /* clearcover1.png in Resources */,
				711F849E1214F7D1000526FF /* clearcover2.png in Resources */,
				711F849F1214F7D1000526FF /* clearcover3.png in Resources */,
				711F84A01214F7D1000526FF /* clearcover4.png in Resources */,
				711F84A11214F7D1000526FF /* clearcover5.png in Resources */,
				711F84A21214F7D1000526FF /* clearcover6.png in Resources */,
				711F84A31214F7D1000526FF /* clearcover7.png in Resources */,
				711F84B51214F7D1000526FF /* cover1.png in Resources */,
				711F84B61214F7D1000526FF /* cover2.png in Resources */,
				711F84B71214F7D1000526FF /* cover3.png in Resources */,
				711F84B81214F7D1000526FF /* cover4.png in Resources */,
				711F84B91214F7D1000526FF /* cover5.png in Resources */,
				711F84BA1214F7D1000526FF /* cover6.png in Resources */,
				711F84BB1214F7D1000526FF /* cover7.png in Resources */,
				71A25BE012247A3D00F01762 /* book@2x.png in Resources */,
				71A25BE112247A3D00F01762 /* blending@2x.png in Resources */,
				71A25BE212247A3D00F01762 /* camera@2x.png in Resources */,
				71A25BE312247A3D00F01762 /* save@2x.png in Resources */,
				7175E3C31322BF7200EFCD1E /* cover8.png in Resources */,
				7175E3C81322BF8600EFCD1E /* clearcover8.png in Resources */,
				9C47ED9014A3C8ED00BCF39E /* promotional.png in Resources */,
				9C47ED9214A3C8FF00BCF39E /* closefullversion.png in Resources */,
				9C47ED9914A3D6C700BCF39E /* clearcover9.png in Resources */,
				9C47ED9A14A3D6C700BCF39E /* clearcover10.png in Resources */,
				9C47ED9D14A3D6D200BCF39E /* cover9.png in Resources */,
				9C47ED9E14A3D6D200BCF39E /* cover10.png in Resources */,
			);
			runOnlyForDeploymentPostprocessing = 0;
		};
/* End PBXResourcesBuildPhase section */

/* Begin PBXSourcesBuildPhase section */
		1D60588E0D05DD3D006BFB54 /* Sources */ = {
			isa = PBXSourcesBuildPhase;
			buildActionMask = 2147483647;
			files = (
				1D60589B0D05DD56006BFB54 /* main.m in Sources */,
				1D3623260D0F684500981E51 /* CoverShotAppDelegate.m in Sources */,
				28D7ACF80DDB3853001CB0EB /* CoverShotViewController.m in Sources */,
				71887B1611F7F15F00F4C6D6 /* CoverShotEditorViewController.m in Sources */,
				7103E9ED11FA35FD0088BD9E /* QuartzView.m in Sources */,
				716D136C1207C55600430260 /* QuartzBlending.m in Sources */,
				71DCB54D120B914600C6B951 /* FlipsideViewController.m in Sources */,
			);
			runOnlyForDeploymentPostprocessing = 0;
		};
/* End PBXSourcesBuildPhase section */

/* Begin XCBuildConfiguration section */
		1D6058940D05DD3E006BFB54 /* Debug */ = {
			isa = XCBuildConfiguration;
			buildSettings = {
				ALWAYS_SEARCH_USER_PATHS = NO;
				"CODE_SIGN_IDENTITY[sdk=iphoneos*]" = "iPhone Developer";
				COPY_PHASE_STRIP = NO;
				GCC_DYNAMIC_NO_PIC = NO;
				GCC_OPTIMIZATION_LEVEL = 0;
				GCC_PRECOMPILE_PREFIX_HEADER = YES;
				GCC_PREFIX_HEADER = CoverShot_Prefix.pch;
				INFOPLIST_FILE = "CoverShot-Info.plist";
				PRODUCT_NAME = covershotlite;
				"PROVISIONING_PROFILE[sdk=iphoneos*]" = "";
			};
			name = Debug;
		};
		1D6058950D05DD3E006BFB54 /* Release */ = {
			isa = XCBuildConfiguration;
			buildSettings = {
				ALWAYS_SEARCH_USER_PATHS = NO;
				"CODE_SIGN_IDENTITY[sdk=iphoneos*]" = "iPhone Distribution";
				COPY_PHASE_STRIP = YES;
				GCC_PRECOMPILE_PREFIX_HEADER = YES;
				GCC_PREFIX_HEADER = CoverShot_Prefix.pch;
				INFOPLIST_FILE = "CoverShot-Info.plist";
				PRODUCT_NAME = covershotlite;
				"PROVISIONING_PROFILE[sdk=iphoneos*]" = "";
				VALIDATE_PRODUCT = YES;
			};
			name = Release;
		};
		C01FCF4F08A954540054247B /* Debug */ = {
			isa = XCBuildConfiguration;
			buildSettings = {
				ARCHS = "$(ARCHS_STANDARD_32_BIT)";
				"CODE_SIGN_IDENTITY[sdk=iphoneos*]" = "iPhone Developer";
				GCC_C_LANGUAGE_STANDARD = c99;
				GCC_WARN_ABOUT_RETURN_TYPE = YES;
				GCC_WARN_UNUSED_VARIABLE = YES;
				PREBINDING = NO;
				"PROVISIONING_PROFILE[sdk=iphoneos*]" = "";
				SDKROOT = iphoneos;
			};
			name = Debug;
		};
		C01FCF5008A954540054247B /* Release */ = {
			isa = XCBuildConfiguration;
			buildSettings = {
				ARCHS = "$(ARCHS_STANDARD_32_BIT)";
				"CODE_SIGN_IDENTITY[sdk=iphoneos*]" = "iPhone Distribution: Darren Mason";
				GCC_C_LANGUAGE_STANDARD = c99;
				GCC_WARN_ABOUT_RETURN_TYPE = YES;
				GCC_WARN_UNUSED_VARIABLE = YES;
				OTHER_CFLAGS = "-DNS_BLOCK_ASSERTIONS=1";
				PREBINDING = NO;
				"PROVISIONING_PROFILE[sdk=iphoneos*]" = "07DD1D64-B09F-4794-98A8-574E00F6C5C7";
				SDKROOT = iphoneos;
			};
			name = Release;
		};
/* End XCBuildConfiguration section */

/* Begin XCConfigurationList section */
		1D6058960D05DD3E006BFB54 /* Build configuration list for PBXNativeTarget "CoverShot" */ = {
			isa = XCConfigurationList;
			buildConfigurations = (
				1D6058940D05DD3E006BFB54 /* Debug */,
				1D6058950D05DD3E006BFB54 /* Release */,
			);
			defaultConfigurationIsVisible = 0;
			defaultConfigurationName = Release;
		};
		C01FCF4E08A954540054247B /* Build configuration list for PBXProject "CoverShot" */ = {
			isa = XCConfigurationList;
			buildConfigurations = (
				C01FCF4F08A954540054247B /* Debug */,
				C01FCF5008A954540054247B /* Release */,
			);
			defaultConfigurationIsVisible = 0;
			defaultConfigurationName = Release;
		};
/* End XCConfigurationList section */
	};
	rootObject = 29B97313FDCFA39411CA2CEA /* Project object */;
}
