// !$*UTF8*$!
{
	archiveVersion = 1;
	classes = {
	};
	objectVersion = 45;
	objects = {

/* Begin PBXBuildFile section */
		1D3623260D0F684500981E51 /* TorchTestAppDelegate.m in Sources */ = {isa = PBXBuildFile; fileRef = 1D3623250D0F684500981E51 /* TorchTestAppDelegate.m */; };
		1D60589B0D05DD56006BFB54 /* main.m in Sources */ = {isa = PBXBuildFile; fileRef = 29B97316FDCFA39411CA2CEA /* main.m */; };
		1D60589F0D05DD5A006BFB54 /* Foundation.framework in Frameworks */ = {isa = PBXBuildFile; fileRef = 1D30AB110D05D00D00671497 /* Foundation.framework */; };
		1DF5F4E00D08C38300B7A737 /* UIKit.framework in Frameworks */ = {isa = PBXBuildFile; fileRef = 1DF5F4DF0D08C38300B7A737 /* UIKit.framework */; };
		288765A50DF7441C002DB57D /* CoreGraphics.framework in Frameworks */ = {isa = PBXBuildFile; fileRef = 288765A40DF7441C002DB57D /* CoreGraphics.framework */; };
		2899E5220DE3E06400AC0155 /* TorchTestViewController.xib in Resources */ = {isa = PBXBuildFile; fileRef = 2899E5210DE3E06400AC0155 /* TorchTestViewController.xib */; };
		28AD733F0D9D9553002E5188 /* MainWindow.xib in Resources */ = {isa = PBXBuildFile; fileRef = 28AD733E0D9D9553002E5188 /* MainWindow.xib */; };
		28D7ACF80DDB3853001CB0EB /* TorchTestViewController.m in Sources */ = {isa = PBXBuildFile; fileRef = 28D7ACF70DDB3853001CB0EB /* TorchTestViewController.m */; };
		71099D7811E7E170007939E4 /* bevel.png in Resources */ = {isa = PBXBuildFile; fileRef = 71099D7511E7E16F007939E4 /* bevel.png */; };
		7120789B1214752800788F3C /* FlipsideViewController.m in Sources */ = {isa = PBXBuildFile; fileRef = 712078991214752800788F3C /* FlipsideViewController.m */; };
		7120789C1214752800788F3C /* FlipsideView.xib in Resources */ = {isa = PBXBuildFile; fileRef = 7120789A1214752800788F3C /* FlipsideView.xib */; };
		7120789E1214755800788F3C /* MessageUI.framework in Frameworks */ = {isa = PBXBuildFile; fileRef = 7120789D1214755800788F3C /* MessageUI.framework */; };
		712078C2121479B700788F3C /* Icon.png in Resources */ = {isa = PBXBuildFile; fileRef = 712078BF121479B700788F3C /* Icon.png */; };
		712078C3121479B700788F3C /* Icon@2x.png in Resources */ = {isa = PBXBuildFile; fileRef = 712078C0121479B700788F3C /* Icon@2x.png */; };
		712078C4121479B700788F3C /* iTunesArtwork.png in Resources */ = {isa = PBXBuildFile; fileRef = 712078C1121479B700788F3C /* iTunesArtwork.png */; };
		712078C912147A9400788F3C /* Icon-72.png in Resources */ = {isa = PBXBuildFile; fileRef = 712078C512147A9400788F3C /* Icon-72.png */; };
		712078CA12147A9400788F3C /* Icon-Small-50.png in Resources */ = {isa = PBXBuildFile; fileRef = 712078C612147A9400788F3C /* Icon-Small-50.png */; };
		712078CB12147A9400788F3C /* Icon-Small.png in Resources */ = {isa = PBXBuildFile; fileRef = 712078C712147A9400788F3C /* Icon-Small.png */; };
		712078CC12147A9400788F3C /* Icon-Small@2x.png in Resources */ = {isa = PBXBuildFile; fileRef = 712078C812147A9400788F3C /* Icon-Small@2x.png */; };
		717D088511E7ECD70058B360 /* scroller.png in Resources */ = {isa = PBXBuildFile; fileRef = 717D088411E7ECD70058B360 /* scroller.png */; };
		717D08B311E7F5280058B360 /* l_shadow.png in Resources */ = {isa = PBXBuildFile; fileRef = 717D08B111E7F5280058B360 /* l_shadow.png */; };
		717D08B411E7F5280058B360 /* r_shadow.png in Resources */ = {isa = PBXBuildFile; fileRef = 717D08B211E7F5280058B360 /* r_shadow.png */; };
		717D08C411E7F6010058B360 /* iAd.framework in Frameworks */ = {isa = PBXBuildFile; fileRef = 717D08C311E7F6010058B360 /* iAd.framework */; };
		717D08DE11E7F9E10058B360 /* base_bg_off.png in Resources */ = {isa = PBXBuildFile; fileRef = 717D08DD11E7F9E10058B360 /* base_bg_off.png */; };
		717D090E11E8E57E0058B360 /* base_bg_on.png in Resources */ = {isa = PBXBuildFile; fileRef = 717D090D11E8E57E0058B360 /* base_bg_on.png */; };
		717D09F911E90FE80058B360 /* Default.png in Resources */ = {isa = PBXBuildFile; fileRef = 717D09F811E90FE80058B360 /* Default.png */; };
		71A9A2BF11E67E2B004C5116 /* AVFoundation.framework in Frameworks */ = {isa = PBXBuildFile; fileRef = 71A9A2BE11E67E2B004C5116 /* AVFoundation.framework */; };
		71A9A2CB11E67E79004C5116 /* MobileCoreServices.framework in Frameworks */ = {isa = PBXBuildFile; fileRef = 71A9A2CA11E67E79004C5116 /* MobileCoreServices.framework */; };
		71A9A43711E68C34004C5116 /* AVCamDemoCaptureManager.m in Sources */ = {isa = PBXBuildFile; fileRef = 71A9A43611E68C34004C5116 /* AVCamDemoCaptureManager.m */; };
		71A9A44711E68CCE004C5116 /* AssetsLibrary.framework in Frameworks */ = {isa = PBXBuildFile; fileRef = 71A9A44611E68CCE004C5116 /* AssetsLibrary.framework */; };
/* End PBXBuildFile section */

/* Begin PBXFileReference section */
		1D30AB110D05D00D00671497 /* Foundation.framework */ = {isa = PBXFileReference; lastKnownFileType = wrapper.framework; name = Foundation.framework; path = System/Library/Frameworks/Foundation.framework; sourceTree = SDKROOT; };
		1D3623240D0F684500981E51 /* TorchTestAppDelegate.h */ = {isa = PBXFileReference; fileEncoding = 4; lastKnownFileType = sourcecode.c.h; path = TorchTestAppDelegate.h; sourceTree = "<group>"; };
		1D3623250D0F684500981E51 /* TorchTestAppDelegate.m */ = {isa = PBXFileReference; fileEncoding = 4; lastKnownFileType = sourcecode.c.objc; path = TorchTestAppDelegate.m; sourceTree = "<group>"; };
		1D6058910D05DD3D006BFB54 /* brighthand.app */ = {isa = PBXFileReference; explicitFileType = wrapper.application; includeInIndex = 0; path = brighthand.app; sourceTree = BUILT_PRODUCTS_DIR; };
		1DF5F4DF0D08C38300B7A737 /* UIKit.framework */ = {isa = PBXFileReference; lastKnownFileType = wrapper.framework; name = UIKit.framework; path = System/Library/Frameworks/UIKit.framework; sourceTree = SDKROOT; };
		288765A40DF7441C002DB57D /* CoreGraphics.framework */ = {isa = PBXFileReference; lastKnownFileType = wrapper.framework; name = CoreGraphics.framework; path = System/Library/Frameworks/CoreGraphics.framework; sourceTree = SDKROOT; };
		2899E5210DE3E06400AC0155 /* TorchTestViewController.xib */ = {isa = PBXFileReference; lastKnownFileType = file.xib; path = TorchTestViewController.xib; sourceTree = "<group>"; };
		28AD733E0D9D9553002E5188 /* MainWindow.xib */ = {isa = PBXFileReference; lastKnownFileType = file.xib; path = MainWindow.xib; sourceTree = "<group>"; };
		28D7ACF60DDB3853001CB0EB /* TorchTestViewController.h */ = {isa = PBXFileReference; fileEncoding = 4; lastKnownFileType = sourcecode.c.h; path = TorchTestViewController.h; sourceTree = "<group>"; };
		28D7ACF70DDB3853001CB0EB /* TorchTestViewController.m */ = {isa = PBXFileReference; fileEncoding = 4; lastKnownFileType = sourcecode.c.objc; path = TorchTestViewController.m; sourceTree = "<group>"; };
		29B97316FDCFA39411CA2CEA /* main.m */ = {isa = PBXFileReference; fileEncoding = 4; lastKnownFileType = sourcecode.c.objc; path = main.m; sourceTree = "<group>"; };
		32CA4F630368D1EE00C91783 /* TorchTest_Prefix.pch */ = {isa = PBXFileReference; fileEncoding = 4; lastKnownFileType = sourcecode.c.h; path = TorchTest_Prefix.pch; sourceTree = "<group>"; };
		71099D7511E7E16F007939E4 /* bevel.png */ = {isa = PBXFileReference; lastKnownFileType = image.png; path = bevel.png; sourceTree = "<group>"; };
		712078981214752800788F3C /* FlipsideViewController.h */ = {isa = PBXFileReference; fileEncoding = 4; lastKnownFileType = sourcecode.c.h; path = FlipsideViewController.h; sourceTree = "<group>"; };
		712078991214752800788F3C /* FlipsideViewController.m */ = {isa = PBXFileReference; fileEncoding = 4; lastKnownFileType = sourcecode.c.objc; path = FlipsideViewController.m; sourceTree = "<group>"; };
		7120789A1214752800788F3C /* FlipsideView.xib */ = {isa = PBXFileReference; lastKnownFileType = file.xib; name = FlipsideView.xib; path = Classes/FlipsideView.xib; sourceTree = "<group>"; };
		7120789D1214755800788F3C /* MessageUI.framework */ = {isa = PBXFileReference; lastKnownFileType = wrapper.framework; name = MessageUI.framework; path = System/Library/Frameworks/MessageUI.framework; sourceTree = SDKROOT; };
		712078BF121479B700788F3C /* Icon.png */ = {isa = PBXFileReference; lastKnownFileType = image.png; path = Icon.png; sourceTree = "<group>"; };
		712078C0121479B700788F3C /* Icon@2x.png */ = {isa = PBXFileReference; lastKnownFileType = image.png; path = "Icon@2x.png"; sourceTree = "<group>"; };
		712078C1121479B700788F3C /* iTunesArtwork.png */ = {isa = PBXFileReference; lastKnownFileType = image.png; path = iTunesArtwork.png; sourceTree = "<group>"; };
		712078C512147A9400788F3C /* Icon-72.png */ = {isa = PBXFileReference; lastKnownFileType = image.png; path = "Icon-72.png"; sourceTree = "<group>"; };
		712078C612147A9400788F3C /* Icon-Small-50.png */ = {isa = PBXFileReference; lastKnownFileType = image.png; path = "Icon-Small-50.png"; sourceTree = "<group>"; };
		712078C712147A9400788F3C /* Icon-Small.png */ = {isa = PBXFileReference; lastKnownFileType = image.png; path = "Icon-Small.png"; sourceTree = "<group>"; };
		712078C812147A9400788F3C /* Icon-Small@2x.png */ = {isa = PBXFileReference; lastKnownFileType = image.png; path = "Icon-Small@2x.png"; sourceTree = "<group>"; };
		717D088411E7ECD70058B360 /* scroller.png */ = {isa = PBXFileReference; lastKnownFileType = image.png; path = scroller.png; sourceTree = "<group>"; };
		717D08B111E7F5280058B360 /* l_shadow.png */ = {isa = PBXFileReference; lastKnownFileType = image.png; path = l_shadow.png; sourceTree = "<group>"; };
		717D08B211E7F5280058B360 /* r_shadow.png */ = {isa = PBXFileReference; lastKnownFileType = image.png; path = r_shadow.png; sourceTree = "<group>"; };
		717D08C311E7F6010058B360 /* iAd.framework */ = {isa = PBXFileReference; lastKnownFileType = wrapper.framework; name = iAd.framework; path = System/Library/Frameworks/iAd.framework; sourceTree = SDKROOT; };
		717D08DD11E7F9E10058B360 /* base_bg_off.png */ = {isa = PBXFileReference; lastKnownFileType = image.png; path = base_bg_off.png; sourceTree = "<group>"; };
		717D090D11E8E57E0058B360 /* base_bg_on.png */ = {isa = PBXFileReference; lastKnownFileType = image.png; path = base_bg_on.png; sourceTree = "<group>"; };
		717D09F811E90FE80058B360 /* Default.png */ = {isa = PBXFileReference; lastKnownFileType = image.png; path = Default.png; sourceTree = "<group>"; };
		71A9A2BE11E67E2B004C5116 /* AVFoundation.framework */ = {isa = PBXFileReference; lastKnownFileType = wrapper.framework; name = AVFoundation.framework; path = System/Library/Frameworks/AVFoundation.framework; sourceTree = SDKROOT; };
		71A9A2CA11E67E79004C5116 /* MobileCoreServices.framework */ = {isa = PBXFileReference; lastKnownFileType = wrapper.framework; name = MobileCoreServices.framework; path = System/Library/Frameworks/MobileCoreServices.framework; sourceTree = SDKROOT; };
		71A9A43511E68C34004C5116 /* AVCamDemoCaptureManager.h */ = {isa = PBXFileReference; fileEncoding = 4; lastKnownFileType = sourcecode.c.h; path = AVCamDemoCaptureManager.h; sourceTree = "<group>"; };
		71A9A43611E68C34004C5116 /* AVCamDemoCaptureManager.m */ = {isa = PBXFileReference; fileEncoding = 4; lastKnownFileType = sourcecode.c.objc; path = AVCamDemoCaptureManager.m; sourceTree = "<group>"; };
		71A9A44611E68CCE004C5116 /* AssetsLibrary.framework */ = {isa = PBXFileReference; lastKnownFileType = wrapper.framework; name = AssetsLibrary.framework; path = System/Library/Frameworks/AssetsLibrary.framework; sourceTree = SDKROOT; };
		8D1107310486CEB800E47090 /* TorchTest-Info.plist */ = {isa = PBXFileReference; fileEncoding = 4; lastKnownFileType = text.plist.xml; path = "TorchTest-Info.plist"; plistStructureDefinitionIdentifier = "com.apple.xcode.plist.structure-definition.iphone.info-plist"; sourceTree = "<group>"; };
/* End PBXFileReference section */

/* Begin PBXFrameworksBuildPhase section */
		1D60588F0D05DD3D006BFB54 /* Frameworks */ = {
			isa = PBXFrameworksBuildPhase;
			buildActionMask = 2147483647;
			files = (
				1D60589F0D05DD5A006BFB54 /* Foundation.framework in Frameworks */,
				1DF5F4E00D08C38300B7A737 /* UIKit.framework in Frameworks */,
				288765A50DF7441C002DB57D /* CoreGraphics.framework in Frameworks */,
				71A9A2BF11E67E2B004C5116 /* AVFoundation.framework in Frameworks */,
				71A9A2CB11E67E79004C5116 /* MobileCoreServices.framework in Frameworks */,
				71A9A44711E68CCE004C5116 /* AssetsLibrary.framework in Frameworks */,
				717D08C411E7F6010058B360 /* iAd.framework in Frameworks */,
				7120789E1214755800788F3C /* MessageUI.framework in Frameworks */,
			);
			runOnlyForDeploymentPostprocessing = 0;
		};
/* End PBXFrameworksBuildPhase section */

/* Begin PBXGroup section */
		080E96DDFE201D6D7F000001 /* Classes */ = {
			isa = PBXGroup;
			children = (
				71A9A43511E68C34004C5116 /* AVCamDemoCaptureManager.h */,
				71A9A43611E68C34004C5116 /* AVCamDemoCaptureManager.m */,
				1D3623240D0F684500981E51 /* TorchTestAppDelegate.h */,
				1D3623250D0F684500981E51 /* TorchTestAppDelegate.m */,
				28D7ACF60DDB3853001CB0EB /* TorchTestViewController.h */,
				28D7ACF70DDB3853001CB0EB /* TorchTestViewController.m */,
				712078981214752800788F3C /* FlipsideViewController.h */,
				712078991214752800788F3C /* FlipsideViewController.m */,
			);
			path = Classes;
			sourceTree = "<group>";
		};
		19C28FACFE9D520D11CA2CBB /* Products */ = {
			isa = PBXGroup;
			children = (
				1D6058910D05DD3D006BFB54 /* brighthand.app */,
			);
			name = Products;
			sourceTree = "<group>";
		};
		29B97314FDCFA39411CA2CEA /* CustomTemplate */ = {
			isa = PBXGroup;
			children = (
				080E96DDFE201D6D7F000001 /* Classes */,
				29B97315FDCFA39411CA2CEA /* Other Sources */,
				29B97317FDCFA39411CA2CEA /* Resources */,
				29B97323FDCFA39411CA2CEA /* Frameworks */,
				19C28FACFE9D520D11CA2CBB /* Products */,
			);
			name = CustomTemplate;
			sourceTree = "<group>";
		};
		29B97315FDCFA39411CA2CEA /* Other Sources */ = {
			isa = PBXGroup;
			children = (
				32CA4F630368D1EE00C91783 /* TorchTest_Prefix.pch */,
				29B97316FDCFA39411CA2CEA /* main.m */,
			);
			name = "Other Sources";
			sourceTree = "<group>";
		};
		29B97317FDCFA39411CA2CEA /* Resources */ = {
			isa = PBXGroup;
			children = (
				2899E5210DE3E06400AC0155 /* TorchTestViewController.xib */,
				7120789A1214752800788F3C /* FlipsideView.xib */,
				71099D7511E7E16F007939E4 /* bevel.png */,
				717D08B111E7F5280058B360 /* l_shadow.png */,
				717D08DD11E7F9E10058B360 /* base_bg_off.png */,
				712078BF121479B700788F3C /* Icon.png */,
				712078C0121479B700788F3C /* Icon@2x.png */,
				712078C1121479B700788F3C /* iTunesArtwork.png */,
				712078C512147A9400788F3C /* Icon-72.png */,
				712078C612147A9400788F3C /* Icon-Small-50.png */,
				712078C712147A9400788F3C /* Icon-Small.png */,
				712078C812147A9400788F3C /* Icon-Small@2x.png */,
				717D090D11E8E57E0058B360 /* base_bg_on.png */,
				717D08B211E7F5280058B360 /* r_shadow.png */,
				717D088411E7ECD70058B360 /* scroller.png */,
				28AD733E0D9D9553002E5188 /* MainWindow.xib */,
				8D1107310486CEB800E47090 /* TorchTest-Info.plist */,
				717D09F811E90FE80058B360 /* Default.png */,
			);
			name = Resources;
			sourceTree = "<group>";
		};
		29B97323FDCFA39411CA2CEA /* Frameworks */ = {
			isa = PBXGroup;
			children = (
				71A9A44611E68CCE004C5116 /* AssetsLibrary.framework */,
				71A9A2CA11E67E79004C5116 /* MobileCoreServices.framework */,
				1DF5F4DF0D08C38300B7A737 /* UIKit.framework */,
				1D30AB110D05D00D00671497 /* Foundation.framework */,
				288765A40DF7441C002DB57D /* CoreGraphics.framework */,
				71A9A2BE11E67E2B004C5116 /* AVFoundation.framework */,
				717D08C311E7F6010058B360 /* iAd.framework */,
				7120789D1214755800788F3C /* MessageUI.framework */,
			);
			name = Frameworks;
			sourceTree = "<group>";
		};
/* End PBXGroup section */

/* Begin PBXNativeTarget section */
		1D6058900D05DD3D006BFB54 /* TorchTest */ = {
			isa = PBXNativeTarget;
			buildConfigurationList = 1D6058960D05DD3E006BFB54 /* Build configuration list for PBXNativeTarget "TorchTest" */;
			buildPhases = (
				1D60588D0D05DD3D006BFB54 /* Resources */,
				1D60588E0D05DD3D006BFB54 /* Sources */,
				1D60588F0D05DD3D006BFB54 /* Frameworks */,
			);
			buildRules = (
			);
			dependencies = (
			);
			name = TorchTest;
			productName = TorchTest;
			productReference = 1D6058910D05DD3D006BFB54 /* brighthand.app */;
			productType = "com.apple.product-type.application";
		};
/* End PBXNativeTarget section */

/* Begin PBXProject section */
		29B97313FDCFA39411CA2CEA /* Project object */ = {
			isa = PBXProject;
			buildConfigurationList = C01FCF4E08A954540054247B /* Build configuration list for PBXProject "TorchTest" */;
			compatibilityVersion = "Xcode 3.1";
			developmentRegion = English;
			hasScannedForEncodings = 1;
			knownRegions = (
				English,
				Japanese,
				French,
				German,
			);
			mainGroup = 29B97314FDCFA39411CA2CEA /* CustomTemplate */;
			projectDirPath = "";
			projectRoot = "";
			targets = (
				1D6058900D05DD3D006BFB54 /* TorchTest */,
			);
		};
/* End PBXProject section */

/* Begin PBXResourcesBuildPhase section */
		1D60588D0D05DD3D006BFB54 /* Resources */ = {
			isa = PBXResourcesBuildPhase;
			buildActionMask = 2147483647;
			files = (
				28AD733F0D9D9553002E5188 /* MainWindow.xib in Resources */,
				2899E5220DE3E06400AC0155 /* TorchTestViewController.xib in Resources */,
				71099D7811E7E170007939E4 /* bevel.png in Resources */,
				717D088511E7ECD70058B360 /* scroller.png in Resources */,
				717D08B311E7F5280058B360 /* l_shadow.png in Resources */,
				717D08B411E7F5280058B360 /* r_shadow.png in Resources */,
				717D08DE11E7F9E10058B360 /* base_bg_off.png in Resources */,
				717D090E11E8E57E0058B360 /* base_bg_on.png in Resources */,
				717D09F911E90FE80058B360 /* Default.png in Resources */,
				7120789C1214752800788F3C /* FlipsideView.xib in Resources */,
				712078C2121479B700788F3C /* Icon.png in Resources */,
				712078C3121479B700788F3C /* Icon@2x.png in Resources */,
				712078C4121479B700788F3C /* iTunesArtwork.png in Resources */,
				712078C912147A9400788F3C /* Icon-72.png in Resources */,
				712078CA12147A9400788F3C /* Icon-Small-50.png in Resources */,
				712078CB12147A9400788F3C /* Icon-Small.png in Resources */,
				712078CC12147A9400788F3C /* Icon-Small@2x.png in Resources */,
			);
			runOnlyForDeploymentPostprocessing = 0;
		};
/* End PBXResourcesBuildPhase section */

/* Begin PBXSourcesBuildPhase section */
		1D60588E0D05DD3D006BFB54 /* Sources */ = {
			isa = PBXSourcesBuildPhase;
			buildActionMask = 2147483647;
			files = (
				1D60589B0D05DD56006BFB54 /* main.m in Sources */,
				1D3623260D0F684500981E51 /* TorchTestAppDelegate.m in Sources */,
				28D7ACF80DDB3853001CB0EB /* TorchTestViewController.m in Sources */,
				71A9A43711E68C34004C5116 /* AVCamDemoCaptureManager.m in Sources */,
				7120789B1214752800788F3C /* FlipsideViewController.m in Sources */,
			);
			runOnlyForDeploymentPostprocessing = 0;
		};
/* End PBXSourcesBuildPhase section */

/* Begin XCBuildConfiguration section */
		1D6058940D05DD3E006BFB54 /* Debug */ = {
			isa = XCBuildConfiguration;
			buildSettings = {
				ALWAYS_SEARCH_USER_PATHS = NO;
				COPY_PHASE_STRIP = NO;
				GCC_DYNAMIC_NO_PIC = NO;
				GCC_OPTIMIZATION_LEVEL = 0;
				GCC_PRECOMPILE_PREFIX_HEADER = YES;
				GCC_PREFIX_HEADER = TorchTest_Prefix.pch;
				INFOPLIST_FILE = "TorchTest-Info.plist";
				PRODUCT_NAME = brighthand;
			};
			name = Debug;
		};
		1D6058950D05DD3E006BFB54 /* Release */ = {
			isa = XCBuildConfiguration;
			buildSettings = {
				ALWAYS_SEARCH_USER_PATHS = NO;
				COPY_PHASE_STRIP = YES;
				GCC_PRECOMPILE_PREFIX_HEADER = YES;
				GCC_PREFIX_HEADER = TorchTest_Prefix.pch;
				INFOPLIST_FILE = "TorchTest-Info.plist";
				PRODUCT_NAME = brighthand;
				VALIDATE_PRODUCT = YES;
			};
			name = Release;
		};
		C01FCF4F08A954540054247B /* Debug */ = {
			isa = XCBuildConfiguration;
			buildSettings = {
				ARCHS = "$(ARCHS_STANDARD_32_BIT)";
				"CODE_SIGN_IDENTITY[sdk=iphoneos*]" = "iPhone Developer";
				GCC_C_LANGUAGE_STANDARD = c99;
				GCC_WARN_ABOUT_RETURN_TYPE = YES;
				GCC_WARN_UNUSED_VARIABLE = YES;
				PREBINDING = NO;
				PRODUCT_NAME = "Bright Hand";
				SDKROOT = iphoneos4.1;
			};
			name = Debug;
		};
		C01FCF5008A954540054247B /* Release */ = {
			isa = XCBuildConfiguration;
			buildSettings = {
				ARCHS = "$(ARCHS_STANDARD_32_BIT)";
				"CODE_SIGN_IDENTITY[sdk=iphoneos*]" = "iPhone Distribution: Darren Mason";
				GCC_C_LANGUAGE_STANDARD = c99;
				GCC_WARN_ABOUT_RETURN_TYPE = YES;
				GCC_WARN_UNUSED_VARIABLE = YES;
				OTHER_CFLAGS = "-DNS_BLOCK_ASSERTIONS=1";
				PREBINDING = NO;
				"PROVISIONING_PROFILE[sdk=iphoneos*]" = "D49B7DAB-20A6-4CE9-A380-12185EB68E6D";
				SDKROOT = iphoneos4.0;
			};
			name = Release;
		};
/* End XCBuildConfiguration section */

/* Begin XCConfigurationList section */
		1D6058960D05DD3E006BFB54 /* Build configuration list for PBXNativeTarget "TorchTest" */ = {
			isa = XCConfigurationList;
			buildConfigurations = (
				1D6058940D05DD3E006BFB54 /* Debug */,
				1D6058950D05DD3E006BFB54 /* Release */,
			);
			defaultConfigurationIsVisible = 0;
			defaultConfigurationName = Release;
		};
		C01FCF4E08A954540054247B /* Build configuration list for PBXProject "TorchTest" */ = {
			isa = XCConfigurationList;
			buildConfigurations = (
				C01FCF4F08A954540054247B /* Debug */,
				C01FCF5008A954540054247B /* Release */,
			);
			defaultConfigurationIsVisible = 0;
			defaultConfigurationName = Release;
		};
/* End XCConfigurationList section */
	};
	rootObject = 29B97313FDCFA39411CA2CEA /* Project object */;
}
