// !$*UTF8*$!
{
	archiveVersion = 1;
	classes = {
	};
	objectVersion = 45;
	objects = {

/* Begin PBXBuildFile section */
		1D3623260D0F684500981E51 /* CoverShotAppDelegate.m in Sources */ = {isa = PBXBuildFile; fileRef = 1D3623250D0F684500981E51 /* CoverShotAppDelegate.m */; };
		1D60589B0D05DD56006BFB54 /* main.m in Sources */ = {isa = PBXBuildFile; fileRef = 29B97316FDCFA39411CA2CEA /* main.m */; };
		1D60589F0D05DD5A006BFB54 /* Foundation.framework in Frameworks */ = {isa = PBXBuildFile; fileRef = 1D30AB110D05D00D00671497 /* Foundation.framework */; };
		1DF5F4E00D08C38300B7A737 /* UIKit.framework in Frameworks */ = {isa = PBXBuildFile; fileRef = 1DF5F4DF0D08C38300B7A737 /* UIKit.framework */; };
		288765A50DF7441C002DB57D /* CoreGraphics.framework in Frameworks */ = {isa = PBXBuildFile; fileRef = 288765A40DF7441C002DB57D /* CoreGraphics.framework */; };
		2899E5220DE3E06400AC0155 /* CoverShotViewController.xib in Resources */ = {isa = PBXBuildFile; fileRef = 2899E5210DE3E06400AC0155 /* CoverShotViewController.xib */; };
		28AD733F0D9D9553002E5188 /* MainWindow.xib in Resources */ = {isa = PBXBuildFile; fileRef = 28AD733E0D9D9553002E5188 /* MainWindow.xib */; };
		28D7ACF80DDB3853001CB0EB /* CoverShotViewController.m in Sources */ = {isa = PBXBuildFile; fileRef = 28D7ACF70DDB3853001CB0EB /* CoverShotViewController.m */; };
		710058D312138B5A002DD799 /* Icon-72.png in Resources */ = {isa = PBXBuildFile; fileRef = 710058CC12138B5A002DD799 /* Icon-72.png */; };
		710058D412138B5A002DD799 /* Icon-Small.png in Resources */ = {isa = PBXBuildFile; fileRef = 710058CD12138B5A002DD799 /* Icon-Small.png */; };
		710058D512138B5A002DD799 /* Icon-Small-50.png in Resources */ = {isa = PBXBuildFile; fileRef = 710058CE12138B5A002DD799 /* Icon-Small-50.png */; };
		710058D612138B5A002DD799 /* Icon-Small@2x.png in Resources */ = {isa = PBXBuildFile; fileRef = 710058CF12138B5A002DD799 /* Icon-Small@2x.png */; };
		710058D712138B5A002DD799 /* Icon.png in Resources */ = {isa = PBXBuildFile; fileRef = 710058D012138B5A002DD799 /* Icon.png */; };
		710058D812138B5A002DD799 /* Icon@2x.png in Resources */ = {isa = PBXBuildFile; fileRef = 710058D112138B5A002DD799 /* Icon@2x.png */; };
		710058D912138B5A002DD799 /* iTunesArtwork in Resources */ = {isa = PBXBuildFile; fileRef = 710058D212138B5A002DD799 /* iTunesArtwork */; };
		710210C11207ABD900F36BA0 /* clearcover3.png in Resources */ = {isa = PBXBuildFile; fileRef = 710210B71207ABD900F36BA0 /* clearcover3.png */; };
		710210C21207ABD900F36BA0 /* clearcover4.png in Resources */ = {isa = PBXBuildFile; fileRef = 710210B81207ABD900F36BA0 /* clearcover4.png */; };
		710210C31207ABD900F36BA0 /* clearcover5.png in Resources */ = {isa = PBXBuildFile; fileRef = 710210B91207ABD900F36BA0 /* clearcover5.png */; };
		710210C41207ABD900F36BA0 /* clearcover6.png in Resources */ = {isa = PBXBuildFile; fileRef = 710210BA1207ABD900F36BA0 /* clearcover6.png */; };
		710210C51207ABD900F36BA0 /* clearcover7.png in Resources */ = {isa = PBXBuildFile; fileRef = 710210BB1207ABD900F36BA0 /* clearcover7.png */; };
		710210C61207ABD900F36BA0 /* cover3.png in Resources */ = {isa = PBXBuildFile; fileRef = 710210BC1207ABD900F36BA0 /* cover3.png */; };
		710210C71207ABD900F36BA0 /* cover4.png in Resources */ = {isa = PBXBuildFile; fileRef = 710210BD1207ABD900F36BA0 /* cover4.png */; };
		710210C81207ABD900F36BA0 /* cover5.png in Resources */ = {isa = PBXBuildFile; fileRef = 710210BE1207ABD900F36BA0 /* cover5.png */; };
		710210C91207ABD900F36BA0 /* cover6.png in Resources */ = {isa = PBXBuildFile; fileRef = 710210BF1207ABD900F36BA0 /* cover6.png */; };
		710210CA1207ABD900F36BA0 /* cover7.png in Resources */ = {isa = PBXBuildFile; fileRef = 710210C01207ABD900F36BA0 /* cover7.png */; };
		7103E97211FA1D250088BD9E /* blending.png in Resources */ = {isa = PBXBuildFile; fileRef = 7103E97111FA1D250088BD9E /* blending.png */; };
		7103E9ED11FA35FD0088BD9E /* QuartzView.m in Sources */ = {isa = PBXBuildFile; fileRef = 7103E9EC11FA35FD0088BD9E /* QuartzView.m */; };
		7122D0141323220B0093F6DB /* clearcover27.png in Resources */ = {isa = PBXBuildFile; fileRef = 7122D0131323220B0093F6DB /* clearcover27.png */; };
		7122D01B1323227D0093F6DB /* cover26.png in Resources */ = {isa = PBXBuildFile; fileRef = 7122D01A1323227D0093F6DB /* cover26.png */; };
		712CB9E912178560008A4143 /* clearcover24.png in Resources */ = {isa = PBXBuildFile; fileRef = 712CB9E812178560008A4143 /* clearcover24.png */; };
		712CB9FF1217872F008A4143 /* clearcover25.png in Resources */ = {isa = PBXBuildFile; fileRef = 712CB9FE1217872F008A4143 /* clearcover25.png */; };
		7148D7091213037200B13094 /* MessageUI.framework in Frameworks */ = {isa = PBXBuildFile; fileRef = 7148D7081213037200B13094 /* MessageUI.framework */; };
		7158DB941322A4350047E410 /* cover25.png in Resources */ = {isa = PBXBuildFile; fileRef = 7158DB931322A4350047E410 /* cover25.png */; };
		7158DBB01322A4FF0047E410 /* clearcover26.png in Resources */ = {isa = PBXBuildFile; fileRef = 7158DBAF1322A4FF0047E410 /* clearcover26.png */; };
		716D136C1207C55600430260 /* QuartzBlending.m in Sources */ = {isa = PBXBuildFile; fileRef = 716D136B1207C55600430260 /* QuartzBlending.m */; };
		716D137B1207CDAA00430260 /* clearcover8.png in Resources */ = {isa = PBXBuildFile; fileRef = 716D13791207CDAA00430260 /* clearcover8.png */; };
		716D137C1207CDAA00430260 /* cover8.png in Resources */ = {isa = PBXBuildFile; fileRef = 716D137A1207CDAA00430260 /* cover8.png */; };
		716D13851207D5CD00430260 /* clearcover9.png in Resources */ = {isa = PBXBuildFile; fileRef = 716D13831207D5CD00430260 /* clearcover9.png */; };
		716D13861207D5CD00430260 /* cover9.png in Resources */ = {isa = PBXBuildFile; fileRef = 716D13841207D5CD00430260 /* cover9.png */; };
		71846C3112177D9400634B20 /* cover22.png in Resources */ = {isa = PBXBuildFile; fileRef = 71846C2E12177D9400634B20 /* cover22.png */; };
		71846C3212177D9400634B20 /* cover23.png in Resources */ = {isa = PBXBuildFile; fileRef = 71846C2F12177D9400634B20 /* cover23.png */; };
		71846C3312177D9400634B20 /* cover24.png in Resources */ = {isa = PBXBuildFile; fileRef = 71846C3012177D9400634B20 /* cover24.png */; };
		71846C3712177D9F00634B20 /* clearcover22.png in Resources */ = {isa = PBXBuildFile; fileRef = 71846C3412177D9F00634B20 /* clearcover22.png */; };
		71846C3812177D9F00634B20 /* clearcover23.png in Resources */ = {isa = PBXBuildFile; fileRef = 71846C3512177D9F00634B20 /* clearcover23.png */; };
		71887A9311F7E6D700F4C6D6 /* maghome.png in Resources */ = {isa = PBXBuildFile; fileRef = 71887A9211F7E6D700F4C6D6 /* maghome.png */; };
		71887AEF11F7EFF900F4C6D6 /* cover1.png in Resources */ = {isa = PBXBuildFile; fileRef = 71887AED11F7EFF900F4C6D6 /* cover1.png */; };
		71887AF011F7EFF900F4C6D6 /* cover2.png in Resources */ = {isa = PBXBuildFile; fileRef = 71887AEE11F7EFF900F4C6D6 /* cover2.png */; };
		71887B1611F7F15F00F4C6D6 /* CoverShotEditorViewController.m in Sources */ = {isa = PBXBuildFile; fileRef = 71887B1411F7F15F00F4C6D6 /* CoverShotEditorViewController.m */; };
		71887B1711F7F15F00F4C6D6 /* CoverShotEditorViewController.xib in Resources */ = {isa = PBXBuildFile; fileRef = 71887B1511F7F15F00F4C6D6 /* CoverShotEditorViewController.xib */; };
		71887B2611F7F42E00F4C6D6 /* book.png in Resources */ = {isa = PBXBuildFile; fileRef = 71887B2311F7F42E00F4C6D6 /* book.png */; };
		71887B2711F7F42E00F4C6D6 /* camera.png in Resources */ = {isa = PBXBuildFile; fileRef = 71887B2411F7F42E00F4C6D6 /* camera.png */; };
		71887B2811F7F42E00F4C6D6 /* save.png in Resources */ = {isa = PBXBuildFile; fileRef = 71887B2511F7F42E00F4C6D6 /* save.png */; };
		71887C0111F804A600F4C6D6 /* clearcover1.png in Resources */ = {isa = PBXBuildFile; fileRef = 71887BFF11F804A600F4C6D6 /* clearcover1.png */; };
		71887C0211F804A600F4C6D6 /* clearcover2.png in Resources */ = {isa = PBXBuildFile; fileRef = 71887C0011F804A600F4C6D6 /* clearcover2.png */; };
		71887C4111F80CB400F4C6D6 /* clearbg.png in Resources */ = {isa = PBXBuildFile; fileRef = 71887C4011F80CB400F4C6D6 /* clearbg.png */; };
		71887CE211F812FA00F4C6D6 /* AVFoundation.framework in Frameworks */ = {isa = PBXBuildFile; fileRef = 71887CE111F812FA00F4C6D6 /* AVFoundation.framework */; };
		7193EFB5120E01400074658A /* clearcover10.png in Resources */ = {isa = PBXBuildFile; fileRef = 7193EFAC120E01400074658A /* clearcover10.png */; };
		7193EFB6120E01400074658A /* clearcover11.png in Resources */ = {isa = PBXBuildFile; fileRef = 7193EFAD120E01400074658A /* clearcover11.png */; };
		7193EFB7120E01400074658A /* clearcover12.png in Resources */ = {isa = PBXBuildFile; fileRef = 7193EFAE120E01400074658A /* clearcover12.png */; };
		7193EFB8120E01400074658A /* clearcover13.png in Resources */ = {isa = PBXBuildFile; fileRef = 7193EFAF120E01400074658A /* clearcover13.png */; };
		7193EFB9120E01400074658A /* clearcover14.png in Resources */ = {isa = PBXBuildFile; fileRef = 7193EFB0120E01400074658A /* clearcover14.png */; };
		7193EFBA120E01400074658A /* clearcover15.png in Resources */ = {isa = PBXBuildFile; fileRef = 7193EFB1120E01400074658A /* clearcover15.png */; };
		7193EFBB120E01400074658A /* clearcover16.png in Resources */ = {isa = PBXBuildFile; fileRef = 7193EFB2120E01400074658A /* clearcover16.png */; };
		7193EFBC120E01400074658A /* clearcover17.png in Resources */ = {isa = PBXBuildFile; fileRef = 7193EFB3120E01400074658A /* clearcover17.png */; };
		7193EFCC120E01670074658A /* cover10.png in Resources */ = {isa = PBXBuildFile; fileRef = 7193EFC4120E01670074658A /* cover10.png */; };
		7193EFCD120E01670074658A /* cover11.png in Resources */ = {isa = PBXBuildFile; fileRef = 7193EFC5120E01670074658A /* cover11.png */; };
		7193EFCE120E01670074658A /* cover12.png in Resources */ = {isa = PBXBuildFile; fileRef = 7193EFC6120E01670074658A /* cover12.png */; };
		7193EFCF120E01670074658A /* cover13.png in Resources */ = {isa = PBXBuildFile; fileRef = 7193EFC7120E01670074658A /* cover13.png */; };
		7193EFD0120E01670074658A /* cover14.png in Resources */ = {isa = PBXBuildFile; fileRef = 7193EFC8120E01670074658A /* cover14.png */; };
		7193EFD1120E01670074658A /* cover15.png in Resources */ = {isa = PBXBuildFile; fileRef = 7193EFC9120E01670074658A /* cover15.png */; };
		7193EFD2120E01670074658A /* cover16.png in Resources */ = {isa = PBXBuildFile; fileRef = 7193EFCA120E01670074658A /* cover16.png */; };
		7193EFD3120E01670074658A /* cover17.png in Resources */ = {isa = PBXBuildFile; fileRef = 7193EFCB120E01670074658A /* cover17.png */; };
		7193F085120F5ACC0074658A /* cover18.png in Resources */ = {isa = PBXBuildFile; fileRef = 7193F081120F5ACC0074658A /* cover18.png */; };
		7193F086120F5ACC0074658A /* cover19.png in Resources */ = {isa = PBXBuildFile; fileRef = 7193F082120F5ACC0074658A /* cover19.png */; };
		7193F087120F5ACC0074658A /* cover20.png in Resources */ = {isa = PBXBuildFile; fileRef = 7193F083120F5ACC0074658A /* cover20.png */; };
		7193F088120F5ACC0074658A /* cover21.png in Resources */ = {isa = PBXBuildFile; fileRef = 7193F084120F5ACC0074658A /* cover21.png */; };
		7193F08D120F5AD90074658A /* clearcover18.png in Resources */ = {isa = PBXBuildFile; fileRef = 7193F089120F5AD90074658A /* clearcover18.png */; };
		7193F08E120F5AD90074658A /* clearcover19.png in Resources */ = {isa = PBXBuildFile; fileRef = 7193F08A120F5AD90074658A /* clearcover19.png */; };
		7193F08F120F5AD90074658A /* clearcover20.png in Resources */ = {isa = PBXBuildFile; fileRef = 7193F08B120F5AD90074658A /* clearcover20.png */; };
		7193F090120F5AD90074658A /* clearcover21.png in Resources */ = {isa = PBXBuildFile; fileRef = 7193F08C120F5AD90074658A /* clearcover21.png */; };
		71A25BA9122471DC00F01762 /* save@2x.png in Resources */ = {isa = PBXBuildFile; fileRef = 71A25BA8122471DC00F01762 /* save@2x.png */; };
		71A25BB6122477BD00F01762 /* camera@2x.png in Resources */ = {isa = PBXBuildFile; fileRef = 71A25BB5122477BD00F01762 /* camera@2x.png */; };
		71A25BC01224784B00F01762 /* blending@2x.png in Resources */ = {isa = PBXBuildFile; fileRef = 71A25BBF1224784B00F01762 /* blending@2x.png */; };
		71A25BC7122479F100F01762 /* book@2x.png in Resources */ = {isa = PBXBuildFile; fileRef = 71A25BC6122479F100F01762 /* book@2x.png */; };
		71AB1F831211F1740063B455 /* Default.png in Resources */ = {isa = PBXBuildFile; fileRef = 71AB1F821211F1740063B455 /* Default.png */; };
		71BD191812054A4F00BF15ED /* QuartzCore.framework in Frameworks */ = {isa = PBXBuildFile; fileRef = 71BD191712054A4F00BF15ED /* QuartzCore.framework */; };
		71CB7A3D1325D18D00B17D67 /* clearcover28.png in Resources */ = {isa = PBXBuildFile; fileRef = 71CB7A3A1325D18D00B17D67 /* clearcover28.png */; };
		71CB7A3E1325D18D00B17D67 /* clearcover29.png in Resources */ = {isa = PBXBuildFile; fileRef = 71CB7A3B1325D18D00B17D67 /* clearcover29.png */; };
		71CB7A3F1325D18D00B17D67 /* clearcover30.png in Resources */ = {isa = PBXBuildFile; fileRef = 71CB7A3C1325D18D00B17D67 /* clearcover30.png */; };
		71CB7A441325D19E00B17D67 /* cover27.png in Resources */ = {isa = PBXBuildFile; fileRef = 71CB7A401325D19E00B17D67 /* cover27.png */; };
		71CB7A451325D19E00B17D67 /* cover28.png in Resources */ = {isa = PBXBuildFile; fileRef = 71CB7A411325D19E00B17D67 /* cover28.png */; };
		71CB7A461325D19E00B17D67 /* cover29.png in Resources */ = {isa = PBXBuildFile; fileRef = 71CB7A421325D19E00B17D67 /* cover29.png */; };
		71CB7A471325D19E00B17D67 /* cover30.png in Resources */ = {isa = PBXBuildFile; fileRef = 71CB7A431325D19E00B17D67 /* cover30.png */; };
		71CB7A491325D1DE00B17D67 /* cover31.png in Resources */ = {isa = PBXBuildFile; fileRef = 71CB7A481325D1DE00B17D67 /* cover31.png */; };
		71DCB54D120B914600C6B951 /* FlipsideViewController.m in Sources */ = {isa = PBXBuildFile; fileRef = 71DCB54B120B914600C6B951 /* FlipsideViewController.m */; };
		71DCB5E3120B969C00C6B951 /* FlipsideView.xib in Resources */ = {isa = PBXBuildFile; fileRef = 71DCB5E2120B969C00C6B951 /* FlipsideView.xib */; };
		71FCD1B6120B996700139C51 /* help_bg.png in Resources */ = {isa = PBXBuildFile; fileRef = 71FCD1B5120B996700139C51 /* help_bg.png */; };
/* End PBXBuildFile section */

/* Begin PBXFileReference section */
		1D30AB110D05D00D00671497 /* Foundation.framework */ = {isa = PBXFileReference; lastKnownFileType = wrapper.framework; name = Foundation.framework; path = System/Library/Frameworks/Foundation.framework; sourceTree = SDKROOT; };
		1D3623240D0F684500981E51 /* CoverShotAppDelegate.h */ = {isa = PBXFileReference; fileEncoding = 4; lastKnownFileType = sourcecode.c.h; path = CoverShotAppDelegate.h; sourceTree = "<group>"; };
		1D3623250D0F684500981E51 /* CoverShotAppDelegate.m */ = {isa = PBXFileReference; fileEncoding = 4; lastKnownFileType = sourcecode.c.objc; path = CoverShotAppDelegate.m; sourceTree = "<group>"; };
		1D6058910D05DD3D006BFB54 /* covershot.app */ = {isa = PBXFileReference; explicitFileType = wrapper.application; includeInIndex = 0; path = covershot.app; sourceTree = BUILT_PRODUCTS_DIR; };
		1DF5F4DF0D08C38300B7A737 /* UIKit.framework */ = {isa = PBXFileReference; lastKnownFileType = wrapper.framework; name = UIKit.framework; path = System/Library/Frameworks/UIKit.framework; sourceTree = SDKROOT; };
		288765A40DF7441C002DB57D /* CoreGraphics.framework */ = {isa = PBXFileReference; lastKnownFileType = wrapper.framework; name = CoreGraphics.framework; path = System/Library/Frameworks/CoreGraphics.framework; sourceTree = SDKROOT; };
		2899E5210DE3E06400AC0155 /* CoverShotViewController.xib */ = {isa = PBXFileReference; lastKnownFileType = file.xib; path = CoverShotViewController.xib; sourceTree = "<group>"; };
		28AD733E0D9D9553002E5188 /* MainWindow.xib */ = {isa = PBXFileReference; lastKnownFileType = file.xib; path = MainWindow.xib; sourceTree = "<group>"; };
		28D7ACF60DDB3853001CB0EB /* CoverShotViewController.h */ = {isa = PBXFileReference; fileEncoding = 4; lastKnownFileType = sourcecode.c.h; path = CoverShotViewController.h; sourceTree = "<group>"; };
		28D7ACF70DDB3853001CB0EB /* CoverShotViewController.m */ = {isa = PBXFileReference; fileEncoding = 4; lastKnownFileType = sourcecode.c.objc; path = CoverShotViewController.m; sourceTree = "<group>"; };
		29B97316FDCFA39411CA2CEA /* main.m */ = {isa = PBXFileReference; fileEncoding = 4; lastKnownFileType = sourcecode.c.objc; path = main.m; sourceTree = "<group>"; };
		32CA4F630368D1EE00C91783 /* CoverShot_Prefix.pch */ = {isa = PBXFileReference; fileEncoding = 4; lastKnownFileType = sourcecode.c.h; path = CoverShot_Prefix.pch; sourceTree = "<group>"; };
		710058CC12138B5A002DD799 /* Icon-72.png */ = {isa = PBXFileReference; lastKnownFileType = image.png; path = "Icon-72.png"; sourceTree = "<group>"; };
		710058CD12138B5A002DD799 /* Icon-Small.png */ = {isa = PBXFileReference; lastKnownFileType = image.png; path = "Icon-Small.png"; sourceTree = "<group>"; };
		710058CE12138B5A002DD799 /* Icon-Small-50.png */ = {isa = PBXFileReference; lastKnownFileType = image.png; path = "Icon-Small-50.png"; sourceTree = "<group>"; };
		710058CF12138B5A002DD799 /* Icon-Small@2x.png */ = {isa = PBXFileReference; lastKnownFileType = image.png; path = "Icon-Small@2x.png"; sourceTree = "<group>"; };
		710058D012138B5A002DD799 /* Icon.png */ = {isa = PBXFileReference; lastKnownFileType = image.png; path = Icon.png; sourceTree = "<group>"; };
		710058D112138B5A002DD799 /* Icon@2x.png */ = {isa = PBXFileReference; lastKnownFileType = image.png; path = "Icon@2x.png"; sourceTree = "<group>"; };
		710058D212138B5A002DD799 /* iTunesArtwork */ = {isa = PBXFileReference; lastKnownFileType = file; path = iTunesArtwork; sourceTree = "<group>"; };
		710210B71207ABD900F36BA0 /* clearcover3.png */ = {isa = PBXFileReference; lastKnownFileType = image.png; path = clearcover3.png; sourceTree = "<group>"; };
		710210B81207ABD900F36BA0 /* clearcover4.png */ = {isa = PBXFileReference; lastKnownFileType = image.png; path = clearcover4.png; sourceTree = "<group>"; };
		710210B91207ABD900F36BA0 /* clearcover5.png */ = {isa = PBXFileReference; lastKnownFileType = image.png; path = clearcover5.png; sourceTree = "<group>"; };
		710210BA1207ABD900F36BA0 /* clearcover6.png */ = {isa = PBXFileReference; lastKnownFileType = image.png; path = clearcover6.png; sourceTree = "<group>"; };
		710210BB1207ABD900F36BA0 /* clearcover7.png */ = {isa = PBXFileReference; lastKnownFileType = image.png; path = clearcover7.png; sourceTree = "<group>"; };
		710210BC1207ABD900F36BA0 /* cover3.png */ = {isa = PBXFileReference; lastKnownFileType = image.png; path = cover3.png; sourceTree = "<group>"; };
		710210BD1207ABD900F36BA0 /* cover4.png */ = {isa = PBXFileReference; lastKnownFileType = image.png; path = cover4.png; sourceTree = "<group>"; };
		710210BE1207ABD900F36BA0 /* cover5.png */ = {isa = PBXFileReference; lastKnownFileType = image.png; path = cover5.png; sourceTree = "<group>"; };
		710210BF1207ABD900F36BA0 /* cover6.png */ = {isa = PBXFileReference; lastKnownFileType = image.png; path = cover6.png; sourceTree = "<group>"; };
		710210C01207ABD900F36BA0 /* cover7.png */ = {isa = PBXFileReference; lastKnownFileType = image.png; path = cover7.png; sourceTree = "<group>"; };
		7103E97111FA1D250088BD9E /* blending.png */ = {isa = PBXFileReference; lastKnownFileType = image.png; path = blending.png; sourceTree = "<group>"; };
		7103E9EB11FA35FD0088BD9E /* QuartzView.h */ = {isa = PBXFileReference; fileEncoding = 4; lastKnownFileType = sourcecode.c.h; path = QuartzView.h; sourceTree = "<group>"; };
		7103E9EC11FA35FD0088BD9E /* QuartzView.m */ = {isa = PBXFileReference; fileEncoding = 4; lastKnownFileType = sourcecode.c.objc; path = QuartzView.m; sourceTree = "<group>"; };
		7122D0131323220B0093F6DB /* clearcover27.png */ = {isa = PBXFileReference; lastKnownFileType = image.png; path = clearcover27.png; sourceTree = "<group>"; };
		7122D01A1323227D0093F6DB /* cover26.png */ = {isa = PBXFileReference; lastKnownFileType = image.png; path = cover26.png; sourceTree = "<group>"; };
		712CB9E812178560008A4143 /* clearcover24.png */ = {isa = PBXFileReference; lastKnownFileType = image.png; path = clearcover24.png; sourceTree = "<group>"; };
		712CB9FE1217872F008A4143 /* clearcover25.png */ = {isa = PBXFileReference; lastKnownFileType = image.png; path = clearcover25.png; sourceTree = "<group>"; };
		7148D7081213037200B13094 /* MessageUI.framework */ = {isa = PBXFileReference; lastKnownFileType = wrapper.framework; name = MessageUI.framework; path = System/Library/Frameworks/MessageUI.framework; sourceTree = SDKROOT; };
		7158DB931322A4350047E410 /* cover25.png */ = {isa = PBXFileReference; lastKnownFileType = image.png; path = cover25.png; sourceTree = "<group>"; };
		7158DBAF1322A4FF0047E410 /* clearcover26.png */ = {isa = PBXFileReference; lastKnownFileType = image.png; path = clearcover26.png; sourceTree = "<group>"; };
		716D136A1207C55600430260 /* QuartzBlending.h */ = {isa = PBXFileReference; fileEncoding = 4; lastKnownFileType = sourcecode.c.h; path = QuartzBlending.h; sourceTree = "<group>"; };
		716D136B1207C55600430260 /* QuartzBlending.m */ = {isa = PBXFileReference; fileEncoding = 4; lastKnownFileType = sourcecode.c.objc; path = QuartzBlending.m; sourceTree = "<group>"; };
		716D13791207CDAA00430260 /* clearcover8.png */ = {isa = PBXFileReference; lastKnownFileType = image.png; path = clearcover8.png; sourceTree = "<group>"; };
		716D137A1207CDAA00430260 /* cover8.png */ = {isa = PBXFileReference; lastKnownFileType = image.png; path = cover8.png; sourceTree = "<group>"; };
		716D13831207D5CD00430260 /* clearcover9.png */ = {isa = PBXFileReference; lastKnownFileType = image.png; path = clearcover9.png; sourceTree = "<group>"; };
		716D13841207D5CD00430260 /* cover9.png */ = {isa = PBXFileReference; lastKnownFileType = image.png; path = cover9.png; sourceTree = "<group>"; };
		71846C2E12177D9400634B20 /* cover22.png */ = {isa = PBXFileReference; lastKnownFileType = image.png; path = cover22.png; sourceTree = "<group>"; };
		71846C2F12177D9400634B20 /* cover23.png */ = {isa = PBXFileReference; lastKnownFileType = image.png; path = cover23.png; sourceTree = "<group>"; };
		71846C3012177D9400634B20 /* cover24.png */ = {isa = PBXFileReference; lastKnownFileType = image.png; path = cover24.png; sourceTree = "<group>"; };
		71846C3412177D9F00634B20 /* clearcover22.png */ = {isa = PBXFileReference; lastKnownFileType = image.png; path = clearcover22.png; sourceTree = "<group>"; };
		71846C3512177D9F00634B20 /* clearcover23.png */ = {isa = PBXFileReference; lastKnownFileType = image.png; path = clearcover23.png; sourceTree = "<group>"; };
		71887A9211F7E6D700F4C6D6 /* maghome.png */ = {isa = PBXFileReference; lastKnownFileType = image.png; path = maghome.png; sourceTree = "<group>"; };
		71887AED11F7EFF900F4C6D6 /* cover1.png */ = {isa = PBXFileReference; lastKnownFileType = image.png; path = cover1.png; sourceTree = "<group>"; };
		71887AEE11F7EFF900F4C6D6 /* cover2.png */ = {isa = PBXFileReference; lastKnownFileType = image.png; path = cover2.png; sourceTree = "<group>"; };
		71887B1311F7F15F00F4C6D6 /* CoverShotEditorViewController.h */ = {isa = PBXFileReference; fileEncoding = 4; lastKnownFileType = sourcecode.c.h; path = CoverShotEditorViewController.h; sourceTree = "<group>"; };
		71887B1411F7F15F00F4C6D6 /* CoverShotEditorViewController.m */ = {isa = PBXFileReference; fileEncoding = 4; lastKnownFileType = sourcecode.c.objc; path = CoverShotEditorViewController.m; sourceTree = "<group>"; };
		71887B1511F7F15F00F4C6D6 /* CoverShotEditorViewController.xib */ = {isa = PBXFileReference; lastKnownFileType = file.xib; name = CoverShotEditorViewController.xib; path = Classes/CoverShotEditorViewController.xib; sourceTree = "<group>"; };
		71887B2311F7F42E00F4C6D6 /* book.png */ = {isa = PBXFileReference; lastKnownFileType = image.png; path = book.png; sourceTree = "<group>"; };
		71887B2411F7F42E00F4C6D6 /* camera.png */ = {isa = PBXFileReference; lastKnownFileType = image.png; path = camera.png; sourceTree = "<group>"; };
		71887B2511F7F42E00F4C6D6 /* save.png */ = {isa = PBXFileReference; lastKnownFileType = image.png; path = save.png; sourceTree = "<group>"; };
		71887BFF11F804A600F4C6D6 /* clearcover1.png */ = {isa = PBXFileReference; lastKnownFileType = image.png; path = clearcover1.png; sourceTree = "<group>"; };
		71887C0011F804A600F4C6D6 /* clearcover2.png */ = {isa = PBXFileReference; lastKnownFileType = image.png; path = clearcover2.png; sourceTree = "<group>"; };
		71887C4011F80CB400F4C6D6 /* clearbg.png */ = {isa = PBXFileReference; lastKnownFileType = image.png; path = clearbg.png; sourceTree = "<group>"; };
		71887CE111F812FA00F4C6D6 /* AVFoundation.framework */ = {isa = PBXFileReference; lastKnownFileType = wrapper.framework; name = AVFoundation.framework; path = System/Library/Frameworks/AVFoundation.framework; sourceTree = SDKROOT; };
		7193EFAC120E01400074658A /* clearcover10.png */ = {isa = PBXFileReference; lastKnownFileType = image.png; path = clearcover10.png; sourceTree = "<group>"; };
		7193EFAD120E01400074658A /* clearcover11.png */ = {isa = PBXFileReference; lastKnownFileType = image.png; path = clearcover11.png; sourceTree = "<group>"; };
		7193EFAE120E01400074658A /* clearcover12.png */ = {isa = PBXFileReference; lastKnownFileType = image.png; path = clearcover12.png; sourceTree = "<group>"; };
		7193EFAF120E01400074658A /* clearcover13.png */ = {isa = PBXFileReference; lastKnownFileType = image.png; path = clearcover13.png; sourceTree = "<group>"; };
		7193EFB0120E01400074658A /* clearcover14.png */ = {isa = PBXFileReference; lastKnownFileType = image.png; path = clearcover14.png; sourceTree = "<group>"; };
		7193EFB1120E01400074658A /* clearcover15.png */ = {isa = PBXFileReference; lastKnownFileType = image.png; path = clearcover15.png; sourceTree = "<group>"; };
		7193EFB2120E01400074658A /* clearcover16.png */ = {isa = PBXFileReference; lastKnownFileType = image.png; path = clearcover16.png; sourceTree = "<group>"; };
		7193EFB3120E01400074658A /* clearcover17.png */ = {isa = PBXFileReference; lastKnownFileType = image.png; path = clearcover17.png; sourceTree = "<group>"; };
		7193EFC4120E01670074658A /* cover10.png */ = {isa = PBXFileReference; lastKnownFileType = image.png; path = cover10.png; sourceTree = "<group>"; };
		7193EFC5120E01670074658A /* cover11.png */ = {isa = PBXFileReference; lastKnownFileType = image.png; path = cover11.png; sourceTree = "<group>"; };
		7193EFC6120E01670074658A /* cover12.png */ = {isa = PBXFileReference; lastKnownFileType = image.png; path = cover12.png; sourceTree = "<group>"; };
		7193EFC7120E01670074658A /* cover13.png */ = {isa = PBXFileReference; lastKnownFileType = image.png; path = cover13.png; sourceTree = "<group>"; };
		7193EFC8120E01670074658A /* cover14.png */ = {isa = PBXFileReference; lastKnownFileType = image.png; path = cover14.png; sourceTree = "<group>"; };
		7193EFC9120E01670074658A /* cover15.png */ = {isa = PBXFileReference; lastKnownFileType = image.png; path = cover15.png; sourceTree = "<group>"; };
		7193EFCA120E01670074658A /* cover16.png */ = {isa = PBXFileReference; lastKnownFileType = image.png; path = cover16.png; sourceTree = "<group>"; };
		7193EFCB120E01670074658A /* cover17.png */ = {isa = PBXFileReference; lastKnownFileType = image.png; path = cover17.png; sourceTree = "<group>"; };
		7193F081120F5ACC0074658A /* cover18.png */ = {isa = PBXFileReference; lastKnownFileType = image.png; path = cover18.png; sourceTree = "<group>"; };
		7193F082120F5ACC0074658A /* cover19.png */ = {isa = PBXFileReference; lastKnownFileType = image.png; path = cover19.png; sourceTree = "<group>"; };
		7193F083120F5ACC0074658A /* cover20.png */ = {isa = PBXFileReference; lastKnownFileType = image.png; path = cover20.png; sourceTree = "<group>"; };
		7193F084120F5ACC0074658A /* cover21.png */ = {isa = PBXFileReference; lastKnownFileType = image.png; path = cover21.png; sourceTree = "<group>"; };
		7193F089120F5AD90074658A /* clearcover18.png */ = {isa = PBXFileReference; lastKnownFileType = image.png; path = clearcover18.png; sourceTree = "<group>"; };
		7193F08A120F5AD90074658A /* clearcover19.png */ = {isa = PBXFileReference; lastKnownFileType = image.png; path = clearcover19.png; sourceTree = "<group>"; };
		7193F08B120F5AD90074658A /* clearcover20.png */ = {isa = PBXFileReference; lastKnownFileType = image.png; path = clearcover20.png; sourceTree = "<group>"; };
		7193F08C120F5AD90074658A /* clearcover21.png */ = {isa = PBXFileReference; lastKnownFileType = image.png; path = clearcover21.png; sourceTree = "<group>"; };
		71A25BA8122471DC00F01762 /* save@2x.png */ = {isa = PBXFileReference; lastKnownFileType = image.png; path = "save@2x.png"; sourceTree = "<group>"; };
		71A25BB5122477BD00F01762 /* camera@2x.png */ = {isa = PBXFileReference; lastKnownFileType = image.png; path = "camera@2x.png"; sourceTree = "<group>"; };
		71A25BBF1224784B00F01762 /* blending@2x.png */ = {isa = PBXFileReference; lastKnownFileType = image.png; path = "blending@2x.png"; sourceTree = "<group>"; };
		71A25BC6122479F100F01762 /* book@2x.png */ = {isa = PBXFileReference; lastKnownFileType = image.png; path = "book@2x.png"; sourceTree = "<group>"; };
		71AB1F821211F1740063B455 /* Default.png */ = {isa = PBXFileReference; lastKnownFileType = image.png; path = Default.png; sourceTree = "<group>"; };
		71BD191712054A4F00BF15ED /* QuartzCore.framework */ = {isa = PBXFileReference; lastKnownFileType = wrapper.framework; name = QuartzCore.framework; path = System/Library/Frameworks/QuartzCore.framework; sourceTree = SDKROOT; };
		71CB7A3A1325D18D00B17D67 /* clearcover28.png */ = {isa = PBXFileReference; lastKnownFileType = image.png; path = clearcover28.png; sourceTree = "<group>"; };
		71CB7A3B1325D18D00B17D67 /* clearcover29.png */ = {isa = PBXFileReference; lastKnownFileType = image.png; path = clearcover29.png; sourceTree = "<group>"; };
		71CB7A3C1325D18D00B17D67 /* clearcover30.png */ = {isa = PBXFileReference; lastKnownFileType = image.png; path = clearcover30.png; sourceTree = "<group>"; };
		71CB7A401325D19E00B17D67 /* cover27.png */ = {isa = PBXFileReference; lastKnownFileType = image.png; path = cover27.png; sourceTree = "<group>"; };
		71CB7A411325D19E00B17D67 /* cover28.png */ = {isa = PBXFileReference; lastKnownFileType = image.png; path = cover28.png; sourceTree = "<group>"; };
		71CB7A421325D19E00B17D67 /* cover29.png */ = {isa = PBXFileReference; lastKnownFileType = image.png; path = cover29.png; sourceTree = "<group>"; };
		71CB7A431325D19E00B17D67 /* cover30.png */ = {isa = PBXFileReference; lastKnownFileType = image.png; path = cover30.png; sourceTree = "<group>"; };
		71CB7A481325D1DE00B17D67 /* cover31.png */ = {isa = PBXFileReference; lastKnownFileType = image.png; path = cover31.png; sourceTree = "<group>"; };
		71DCB54A120B914600C6B951 /* FlipsideViewController.h */ = {isa = PBXFileReference; fileEncoding = 4; lastKnownFileType = sourcecode.c.h; path = FlipsideViewController.h; sourceTree = "<group>"; };
		71DCB54B120B914600C6B951 /* FlipsideViewController.m */ = {isa = PBXFileReference; fileEncoding = 4; lastKnownFileType = sourcecode.c.objc; path = FlipsideViewController.m; sourceTree = "<group>"; };
		71DCB5E2120B969C00C6B951 /* FlipsideView.xib */ = {isa = PBXFileReference; lastKnownFileType = file.xib; path = FlipsideView.xib; sourceTree = "<group>"; };
		71FCD1B5120B996700139C51 /* help_bg.png */ = {isa = PBXFileReference; lastKnownFileType = image.png; path = help_bg.png; sourceTree = "<group>"; };
		8D1107310486CEB800E47090 /* CoverShot-Info.plist */ = {isa = PBXFileReference; fileEncoding = 4; lastKnownFileType = text.plist.xml; path = "CoverShot-Info.plist"; plistStructureDefinitionIdentifier = "com.apple.xcode.plist.structure-definition.iphone.info-plist"; sourceTree = "<group>"; };
/* End PBXFileReference section */

/* Begin PBXFrameworksBuildPhase section */
		1D60588F0D05DD3D006BFB54 /* Frameworks */ = {
			isa = PBXFrameworksBuildPhase;
			buildActionMask = 2147483647;
			files = (
				1D60589F0D05DD5A006BFB54 /* Foundation.framework in Frameworks */,
				1DF5F4E00D08C38300B7A737 /* UIKit.framework in Frameworks */,
				288765A50DF7441C002DB57D /* CoreGraphics.framework in Frameworks */,
				71887CE211F812FA00F4C6D6 /* AVFoundation.framework in Frameworks */,
				71BD191812054A4F00BF15ED /* QuartzCore.framework in Frameworks */,
				7148D7091213037200B13094 /* MessageUI.framework in Frameworks */,
			);
			runOnlyForDeploymentPostprocessing = 0;
		};
/* End PBXFrameworksBuildPhase section */

/* Begin PBXGroup section */
		080E96DDFE201D6D7F000001 /* Classes */ = {
			isa = PBXGroup;
			children = (
				1D3623240D0F684500981E51 /* CoverShotAppDelegate.h */,
				1D3623250D0F684500981E51 /* CoverShotAppDelegate.m */,
				28D7ACF60DDB3853001CB0EB /* CoverShotViewController.h */,
				28D7ACF70DDB3853001CB0EB /* CoverShotViewController.m */,
				71887B1311F7F15F00F4C6D6 /* CoverShotEditorViewController.h */,
				71887B1411F7F15F00F4C6D6 /* CoverShotEditorViewController.m */,
				71DCB54A120B914600C6B951 /* FlipsideViewController.h */,
				71DCB54B120B914600C6B951 /* FlipsideViewController.m */,
			);
			path = Classes;
			sourceTree = "<group>";
		};
		19C28FACFE9D520D11CA2CBB /* Products */ = {
			isa = PBXGroup;
			children = (
				1D6058910D05DD3D006BFB54 /* covershot.app */,
			);
			name = Products;
			sourceTree = "<group>";
		};
		29B97314FDCFA39411CA2CEA /* CustomTemplate */ = {
			isa = PBXGroup;
			children = (
				7103E99D11FA1FBC0088BD9E /* Quartz */,
				080E96DDFE201D6D7F000001 /* Classes */,
				29B97315FDCFA39411CA2CEA /* Other Sources */,
				29B97317FDCFA39411CA2CEA /* Resources */,
				29B97323FDCFA39411CA2CEA /* Frameworks */,
				19C28FACFE9D520D11CA2CBB /* Products */,
			);
			name = CustomTemplate;
			sourceTree = "<group>";
		};
		29B97315FDCFA39411CA2CEA /* Other Sources */ = {
			isa = PBXGroup;
			children = (
				32CA4F630368D1EE00C91783 /* CoverShot_Prefix.pch */,
				29B97316FDCFA39411CA2CEA /* main.m */,
			);
			name = "Other Sources";
			sourceTree = "<group>";
		};
		29B97317FDCFA39411CA2CEA /* Resources */ = {
			isa = PBXGroup;
			children = (
				71DCB5E2120B969C00C6B951 /* FlipsideView.xib */,
				71887A9211F7E6D700F4C6D6 /* maghome.png */,
				71887B1511F7F15F00F4C6D6 /* CoverShotEditorViewController.xib */,
				2899E5210DE3E06400AC0155 /* CoverShotViewController.xib */,
				7103E97111FA1D250088BD9E /* blending.png */,
				71A25BBF1224784B00F01762 /* blending@2x.png */,
				71FCD1B5120B996700139C51 /* help_bg.png */,
				71887B2311F7F42E00F4C6D6 /* book.png */,
				71A25BC6122479F100F01762 /* book@2x.png */,
				71887BFF11F804A600F4C6D6 /* clearcover1.png */,
				71887C0011F804A600F4C6D6 /* clearcover2.png */,
				710210B71207ABD900F36BA0 /* clearcover3.png */,
				710210B81207ABD900F36BA0 /* clearcover4.png */,
				710210B91207ABD900F36BA0 /* clearcover5.png */,
				710210BA1207ABD900F36BA0 /* clearcover6.png */,
				710210BB1207ABD900F36BA0 /* clearcover7.png */,
				716D13791207CDAA00430260 /* clearcover8.png */,
				716D13831207D5CD00430260 /* clearcover9.png */,
				7193EFAC120E01400074658A /* clearcover10.png */,
				7193EFAD120E01400074658A /* clearcover11.png */,
				7193EFAE120E01400074658A /* clearcover12.png */,
				7193EFAF120E01400074658A /* clearcover13.png */,
				7193EFB0120E01400074658A /* clearcover14.png */,
				7193EFB1120E01400074658A /* clearcover15.png */,
				7193EFB2120E01400074658A /* clearcover16.png */,
				7193EFB3120E01400074658A /* clearcover17.png */,
				7193F089120F5AD90074658A /* clearcover18.png */,
				7193F08A120F5AD90074658A /* clearcover19.png */,
				7193F08B120F5AD90074658A /* clearcover20.png */,
				7193F08C120F5AD90074658A /* clearcover21.png */,
				71846C3412177D9F00634B20 /* clearcover22.png */,
				71846C3512177D9F00634B20 /* clearcover23.png */,
				712CB9E812178560008A4143 /* clearcover24.png */,
				712CB9FE1217872F008A4143 /* clearcover25.png */,
				7158DBAF1322A4FF0047E410 /* clearcover26.png */,
				7122D0131323220B0093F6DB /* clearcover27.png */,
				71CB7A3A1325D18D00B17D67 /* clearcover28.png */,
				71CB7A3B1325D18D00B17D67 /* clearcover29.png */,
				71CB7A3C1325D18D00B17D67 /* clearcover30.png */,
				71887AED11F7EFF900F4C6D6 /* cover1.png */,
				71887AEE11F7EFF900F4C6D6 /* cover2.png */,
				710210BC1207ABD900F36BA0 /* cover3.png */,
				710210BD1207ABD900F36BA0 /* cover4.png */,
				710210BE1207ABD900F36BA0 /* cover5.png */,
				710210BF1207ABD900F36BA0 /* cover6.png */,
				710210C01207ABD900F36BA0 /* cover7.png */,
				716D137A1207CDAA00430260 /* cover8.png */,
				716D13841207D5CD00430260 /* cover9.png */,
				7193EFC4120E01670074658A /* cover10.png */,
				7193EFC5120E01670074658A /* cover11.png */,
				7193EFC6120E01670074658A /* cover12.png */,
				7193EFC7120E01670074658A /* cover13.png */,
				7193EFC8120E01670074658A /* cover14.png */,
				7193EFC9120E01670074658A /* cover15.png */,
				7193EFCA120E01670074658A /* cover16.png */,
				7193EFCB120E01670074658A /* cover17.png */,
				7193F081120F5ACC0074658A /* cover18.png */,
				7193F082120F5ACC0074658A /* cover19.png */,
				7193F083120F5ACC0074658A /* cover20.png */,
				7193F084120F5ACC0074658A /* cover21.png */,
				71846C2E12177D9400634B20 /* cover22.png */,
				71846C2F12177D9400634B20 /* cover23.png */,
				71846C3012177D9400634B20 /* cover24.png */,
				7158DB931322A4350047E410 /* cover25.png */,
				7122D01A1323227D0093F6DB /* cover26.png */,
				71CB7A401325D19E00B17D67 /* cover27.png */,
				71CB7A411325D19E00B17D67 /* cover28.png */,
				71CB7A421325D19E00B17D67 /* cover29.png */,
				71CB7A431325D19E00B17D67 /* cover30.png */,
				71CB7A481325D1DE00B17D67 /* cover31.png */,
				71887B2411F7F42E00F4C6D6 /* camera.png */,
				71A25BB5122477BD00F01762 /* camera@2x.png */,
				71887C4011F80CB400F4C6D6 /* clearbg.png */,
				710058CC12138B5A002DD799 /* Icon-72.png */,
				710058CD12138B5A002DD799 /* Icon-Small.png */,
				710058CE12138B5A002DD799 /* Icon-Small-50.png */,
				710058CF12138B5A002DD799 /* Icon-Small@2x.png */,
				710058D012138B5A002DD799 /* Icon.png */,
				710058D112138B5A002DD799 /* Icon@2x.png */,
				710058D212138B5A002DD799 /* iTunesArtwork */,
				71887B2511F7F42E00F4C6D6 /* save.png */,
				71A25BA8122471DC00F01762 /* save@2x.png */,
				28AD733E0D9D9553002E5188 /* MainWindow.xib */,
				8D1107310486CEB800E47090 /* CoverShot-Info.plist */,
				71AB1F821211F1740063B455 /* Default.png */,
			);
			name = Resources;
			sourceTree = "<group>";
		};
		29B97323FDCFA39411CA2CEA /* Frameworks */ = {
			isa = PBXGroup;
			children = (
				1DF5F4DF0D08C38300B7A737 /* UIKit.framework */,
				1D30AB110D05D00D00671497 /* Foundation.framework */,
				288765A40DF7441C002DB57D /* CoreGraphics.framework */,
				71887CE111F812FA00F4C6D6 /* AVFoundation.framework */,
				71BD191712054A4F00BF15ED /* QuartzCore.framework */,
				7148D7081213037200B13094 /* MessageUI.framework */,
			);
			name = Frameworks;
			sourceTree = "<group>";
		};
		7103E99D11FA1FBC0088BD9E /* Quartz */ = {
			isa = PBXGroup;
			children = (
				7103E9EB11FA35FD0088BD9E /* QuartzView.h */,
				7103E9EC11FA35FD0088BD9E /* QuartzView.m */,
				716D136A1207C55600430260 /* QuartzBlending.h */,
				716D136B1207C55600430260 /* QuartzBlending.m */,
			);
			name = Quartz;
			sourceTree = "<group>";
		};
/* End PBXGroup section */

/* Begin PBXNativeTarget section */
		1D6058900D05DD3D006BFB54 /* CoverShot */ = {
			isa = PBXNativeTarget;
			buildConfigurationList = 1D6058960D05DD3E006BFB54 /* Build configuration list for PBXNativeTarget "CoverShot" */;
			buildPhases = (
				1D60588D0D05DD3D006BFB54 /* Resources */,
				1D60588E0D05DD3D006BFB54 /* Sources */,
				1D60588F0D05DD3D006BFB54 /* Frameworks */,
			);
			buildRules = (
			);
			dependencies = (
			);
			name = CoverShot;
			productName = CoverShot;
			productReference = 1D6058910D05DD3D006BFB54 /* covershot.app */;
			productType = "com.apple.product-type.application";
		};
/* End PBXNativeTarget section */

/* Begin PBXProject section */
		29B97313FDCFA39411CA2CEA /* Project object */ = {
			isa = PBXProject;
			buildConfigurationList = C01FCF4E08A954540054247B /* Build configuration list for PBXProject "CoverShot" */;
			compatibilityVersion = "Xcode 3.1";
			developmentRegion = English;
			hasScannedForEncodings = 1;
			knownRegions = (
				English,
				Japanese,
				French,
				German,
			);
			mainGroup = 29B97314FDCFA39411CA2CEA /* CustomTemplate */;
			projectDirPath = "";
			projectRoot = "";
			targets = (
				1D6058900D05DD3D006BFB54 /* CoverShot */,
			);
		};
/* End PBXProject section */

/* Begin PBXResourcesBuildPhase section */
		1D60588D0D05DD3D006BFB54 /* Resources */ = {
			isa = PBXResourcesBuildPhase;
			buildActionMask = 2147483647;
			files = (
				28AD733F0D9D9553002E5188 /* MainWindow.xib in Resources */,
				2899E5220DE3E06400AC0155 /* CoverShotViewController.xib in Resources */,
				71887A9311F7E6D700F4C6D6 /* maghome.png in Resources */,
				71887AEF11F7EFF900F4C6D6 /* cover1.png in Resources */,
				71887AF011F7EFF900F4C6D6 /* cover2.png in Resources */,
				71887B1711F7F15F00F4C6D6 /* CoverShotEditorViewController.xib in Resources */,
				71887B2611F7F42E00F4C6D6 /* book.png in Resources */,
				71887B2711F7F42E00F4C6D6 /* camera.png in Resources */,
				71887B2811F7F42E00F4C6D6 /* save.png in Resources */,
				71887C0111F804A600F4C6D6 /* clearcover1.png in Resources */,
				71887C0211F804A600F4C6D6 /* clearcover2.png in Resources */,
				71887C4111F80CB400F4C6D6 /* clearbg.png in Resources */,
				7103E97211FA1D250088BD9E /* blending.png in Resources */,
				710210C11207ABD900F36BA0 /* clearcover3.png in Resources */,
				710210C21207ABD900F36BA0 /* clearcover4.png in Resources */,
				710210C31207ABD900F36BA0 /* clearcover5.png in Resources */,
				710210C41207ABD900F36BA0 /* clearcover6.png in Resources */,
				710210C51207ABD900F36BA0 /* clearcover7.png in Resources */,
				710210C61207ABD900F36BA0 /* cover3.png in Resources */,
				710210C71207ABD900F36BA0 /* cover4.png in Resources */,
				710210C81207ABD900F36BA0 /* cover5.png in Resources */,
				710210C91207ABD900F36BA0 /* cover6.png in Resources */,
				710210CA1207ABD900F36BA0 /* cover7.png in Resources */,
				716D137B1207CDAA00430260 /* clearcover8.png in Resources */,
				716D137C1207CDAA00430260 /* cover8.png in Resources */,
				716D13851207D5CD00430260 /* clearcover9.png in Resources */,
				716D13861207D5CD00430260 /* cover9.png in Resources */,
				71DCB5E3120B969C00C6B951 /* FlipsideView.xib in Resources */,
				71FCD1B6120B996700139C51 /* help_bg.png in Resources */,
				7193EFB5120E01400074658A /* clearcover10.png in Resources */,
				7193EFB6120E01400074658A /* clearcover11.png in Resources */,
				7193EFB7120E01400074658A /* clearcover12.png in Resources */,
				7193EFB8120E01400074658A /* clearcover13.png in Resources */,
				7193EFB9120E01400074658A /* clearcover14.png in Resources */,
				7193EFBA120E01400074658A /* clearcover15.png in Resources */,
				7193EFBB120E01400074658A /* clearcover16.png in Resources */,
				7193EFBC120E01400074658A /* clearcover17.png in Resources */,
				7193EFCC120E01670074658A /* cover10.png in Resources */,
				7193EFCD120E01670074658A /* cover11.png in Resources */,
				7193EFCE120E01670074658A /* cover12.png in Resources */,
				7193EFCF120E01670074658A /* cover13.png in Resources */,
				7193EFD0120E01670074658A /* cover14.png in Resources */,
				7193EFD1120E01670074658A /* cover15.png in Resources */,
				7193EFD2120E01670074658A /* cover16.png in Resources */,
				7193EFD3120E01670074658A /* cover17.png in Resources */,
				7193F085120F5ACC0074658A /* cover18.png in Resources */,
				7193F086120F5ACC0074658A /* cover19.png in Resources */,
				7193F087120F5ACC0074658A /* cover20.png in Resources */,
				7193F088120F5ACC0074658A /* cover21.png in Resources */,
				7193F08D120F5AD90074658A /* clearcover18.png in Resources */,
				7193F08E120F5AD90074658A /* clearcover19.png in Resources */,
				7193F08F120F5AD90074658A /* clearcover20.png in Resources */,
				7193F090120F5AD90074658A /* clearcover21.png in Resources */,
				71AB1F831211F1740063B455 /* Default.png in Resources */,
				710058D312138B5A002DD799 /* Icon-72.png in Resources */,
				710058D412138B5A002DD799 /* Icon-Small.png in Resources */,
				710058D512138B5A002DD799 /* Icon-Small-50.png in Resources */,
				710058D612138B5A002DD799 /* Icon-Small@2x.png in Resources */,
				710058D712138B5A002DD799 /* Icon.png in Resources */,
				710058D812138B5A002DD799 /* Icon@2x.png in Resources */,
				710058D912138B5A002DD799 /* iTunesArtwork in Resources */,
				71846C3112177D9400634B20 /* cover22.png in Resources */,
				71846C3212177D9400634B20 /* cover23.png in Resources */,
				71846C3312177D9400634B20 /* cover24.png in Resources */,
				71846C3712177D9F00634B20 /* clearcover22.png in Resources */,
				71846C3812177D9F00634B20 /* clearcover23.png in Resources */,
				712CB9E912178560008A4143 /* clearcover24.png in Resources */,
				712CB9FF1217872F008A4143 /* clearcover25.png in Resources */,
				71A25BA9122471DC00F01762 /* save@2x.png in Resources */,
				71A25BB6122477BD00F01762 /* camera@2x.png in Resources */,
				71A25BC01224784B00F01762 /* blending@2x.png in Resources */,
				71A25BC7122479F100F01762 /* book@2x.png in Resources */,
				7158DB941322A4350047E410 /* cover25.png in Resources */,
				7158DBB01322A4FF0047E410 /* clearcover26.png in Resources */,
				7122D0141323220B0093F6DB /* clearcover27.png in Resources */,
				7122D01B1323227D0093F6DB /* cover26.png in Resources */,
				71CB7A3D1325D18D00B17D67 /* clearcover28.png in Resources */,
				71CB7A3E1325D18D00B17D67 /* clearcover29.png in Resources */,
				71CB7A3F1325D18D00B17D67 /* clearcover30.png in Resources */,
				71CB7A441325D19E00B17D67 /* cover27.png in Resources */,
				71CB7A451325D19E00B17D67 /* cover28.png in Resources */,
				71CB7A461325D19E00B17D67 /* cover29.png in Resources */,
				71CB7A471325D19E00B17D67 /* cover30.png in Resources */,
				71CB7A491325D1DE00B17D67 /* cover31.png in Resources */,
			);
			runOnlyForDeploymentPostprocessing = 0;
		};
/* End PBXResourcesBuildPhase section */

/* Begin PBXSourcesBuildPhase section */
		1D60588E0D05DD3D006BFB54 /* Sources */ = {
			isa = PBXSourcesBuildPhase;
			buildActionMask = 2147483647;
			files = (
				1D60589B0D05DD56006BFB54 /* main.m in Sources */,
				1D3623260D0F684500981E51 /* CoverShotAppDelegate.m in Sources */,
				28D7ACF80DDB3853001CB0EB /* CoverShotViewController.m in Sources */,
				71887B1611F7F15F00F4C6D6 /* CoverShotEditorViewController.m in Sources */,
				7103E9ED11FA35FD0088BD9E /* QuartzView.m in Sources */,
				716D136C1207C55600430260 /* QuartzBlending.m in Sources */,
				71DCB54D120B914600C6B951 /* FlipsideViewController.m in Sources */,
			);
			runOnlyForDeploymentPostprocessing = 0;
		};
/* End PBXSourcesBuildPhase section */

/* Begin XCBuildConfiguration section */
		1D6058940D05DD3E006BFB54 /* Debug */ = {
			isa = XCBuildConfiguration;
			buildSettings = {
				ALWAYS_SEARCH_USER_PATHS = NO;
				COPY_PHASE_STRIP = NO;
				GCC_DYNAMIC_NO_PIC = NO;
				GCC_OPTIMIZATION_LEVEL = 0;
				GCC_PRECOMPILE_PREFIX_HEADER = YES;
				GCC_PREFIX_HEADER = CoverShot_Prefix.pch;
				INFOPLIST_FILE = "CoverShot-Info.plist";
				PRODUCT_NAME = covershot;
			};
			name = Debug;
		};
		1D6058950D05DD3E006BFB54 /* Release */ = {
			isa = XCBuildConfiguration;
			buildSettings = {
				ALWAYS_SEARCH_USER_PATHS = NO;
				"CODE_SIGN_IDENTITY[sdk=iphoneos*]" = "iPhone Distribution: Darren Mason";
				COPY_PHASE_STRIP = YES;
				GCC_PRECOMPILE_PREFIX_HEADER = YES;
				GCC_PREFIX_HEADER = CoverShot_Prefix.pch;
				INFOPLIST_FILE = "CoverShot-Info.plist";
				PRODUCT_NAME = covershot;
				"PROVISIONING_PROFILE[sdk=iphoneos*]" = "5C0C24B3-BD91-4A4F-94E8-5EFB172105D4";
				VALIDATE_PRODUCT = YES;
			};
			name = Release;
		};
		7198478813305E1600C3E9E1 /* deploy */ = {
			isa = XCBuildConfiguration;
			buildSettings = {
				ARCHS = "$(ARCHS_STANDARD_32_BIT)";
				"CODE_SIGN_IDENTITY[sdk=iphoneos*]" = "iPhone Developer: Darren Mason (J4HX2LYKXS)";
				GCC_C_LANGUAGE_STANDARD = c99;
				GCC_WARN_ABOUT_RETURN_TYPE = YES;
				GCC_WARN_UNUSED_VARIABLE = YES;
				OTHER_CFLAGS = "-DNS_BLOCK_ASSERTIONS=1";
				PREBINDING = NO;
				PRODUCT_NAME = covershot;
				"PROVISIONING_PROFILE[sdk=iphoneos*]" = "348E1E0E-1EE8-4CFC-BE13-E2C73402FA18";
				SDKROOT = iphoneos;
			};
			name = deploy;
		};
		7198478913305E1600C3E9E1 /* deploy */ = {
			isa = XCBuildConfiguration;
			buildSettings = {
				ALWAYS_SEARCH_USER_PATHS = NO;
				"CODE_SIGN_IDENTITY[sdk=iphoneos*]" = "iPhone Distribution";
				COPY_PHASE_STRIP = YES;
				GCC_PRECOMPILE_PREFIX_HEADER = YES;
				GCC_PREFIX_HEADER = CoverShot_Prefix.pch;
				INFOPLIST_FILE = "CoverShot-Info.plist";
				"PROVISIONING_PROFILE[sdk=iphoneos*]" = "";
				VALIDATE_PRODUCT = YES;
			};
			name = deploy;
		};
		C01FCF4F08A954540054247B /* Debug */ = {
			isa = XCBuildConfiguration;
			buildSettings = {
				ARCHS = "$(ARCHS_STANDARD_32_BIT)";
				"CODE_SIGN_IDENTITY[sdk=iphoneos*]" = "iPhone Developer: Darren Mason (J4HX2LYKXS)";
				GCC_C_LANGUAGE_STANDARD = c99;
				GCC_WARN_ABOUT_RETURN_TYPE = YES;
				GCC_WARN_UNUSED_VARIABLE = YES;
				PREBINDING = NO;
				"PROVISIONING_PROFILE[sdk=iphoneos*]" = "348E1E0E-1EE8-4CFC-BE13-E2C73402FA18";
				SDKROOT = iphoneos;
			};
			name = Debug;
		};
		C01FCF5008A954540054247B /* Release */ = {
			isa = XCBuildConfiguration;
			buildSettings = {
				ARCHS = "$(ARCHS_STANDARD_32_BIT)";
				"CODE_SIGN_IDENTITY[sdk=iphoneos*]" = "iPhone Developer: Darren Mason (J4HX2LYKXS)";
				GCC_C_LANGUAGE_STANDARD = c99;
				GCC_WARN_ABOUT_RETURN_TYPE = YES;
				GCC_WARN_UNUSED_VARIABLE = YES;
				OTHER_CFLAGS = "-DNS_BLOCK_ASSERTIONS=1";
				PREBINDING = NO;
				"PROVISIONING_PROFILE[sdk=iphoneos*]" = "348E1E0E-1EE8-4CFC-BE13-E2C73402FA18";
				SDKROOT = iphoneos;
			};
			name = Release;
		};
/* End XCBuildConfiguration section */

/* Begin XCConfigurationList section */
		1D6058960D05DD3E006BFB54 /* Build configuration list for PBXNativeTarget "CoverShot" */ = {
			isa = XCConfigurationList;
			buildConfigurations = (
				1D6058940D05DD3E006BFB54 /* Debug */,
				1D6058950D05DD3E006BFB54 /* Release */,
				7198478913305E1600C3E9E1 /* deploy */,
			);
			defaultConfigurationIsVisible = 0;
			defaultConfigurationName = Release;
		};
		C01FCF4E08A954540054247B /* Build configuration list for PBXProject "CoverShot" */ = {
			isa = XCConfigurationList;
			buildConfigurations = (
				C01FCF4F08A954540054247B /* Debug */,
				C01FCF5008A954540054247B /* Release */,
				7198478813305E1600C3E9E1 /* deploy */,
			);
			defaultConfigurationIsVisible = 0;
			defaultConfigurationName = Release;
		};
/* End XCConfigurationList section */
	};
	rootObject = 29B97313FDCFA39411CA2CEA /* Project object */;
}
